// !$*UTF8*$!
{
	archiveVersion = 1;
	classes = {
	};
	objectVersion = 46;
	objects = {

/* Begin PBXBuildFile section */
		7A78BEB81CA1C7AA000EBBAE /* BOWMSCTrainer.cpp in Sources */ = {isa = PBXBuildFile; fileRef = 7A78BE881CA1C7AA000EBBAE /* BOWMSCTrainer.cpp */; };
		7A78BEB91CA1C7AA000EBBAE /* ChowLiuTree.cpp in Sources */ = {isa = PBXBuildFile; fileRef = 7A78BE891CA1C7AA000EBBAE /* ChowLiuTree.cpp */; };
		7A78BEBA1CA1C7AA000EBBAE /* FabMap.cpp in Sources */ = {isa = PBXBuildFile; fileRef = 7A78BE8A1CA1C7AA000EBBAE /* FabMap.cpp */; };
		7A78BEC51CA1C80C000EBBAE /* opencv2.framework in Frameworks */ = {isa = PBXBuildFile; fileRef = 7A78BEC41CA1C80C000EBBAE /* opencv2.framework */; };
		7A78BEC71CA1C841000EBBAE /* libg2o.a in Frameworks */ = {isa = PBXBuildFile; fileRef = 7A78BEC61CA1C841000EBBAE /* libg2o.a */; };
		7A987C171CA225510061320D /* DepthMap.cpp in Sources */ = {isa = PBXBuildFile; fileRef = 7A987BE11CA225510061320D /* DepthMap.cpp */; };
		7A987C181CA225510061320D /* DepthMapPixelHypothesis.cpp in Sources */ = {isa = PBXBuildFile; fileRef = 7A987BE31CA225510061320D /* DepthMapPixelHypothesis.cpp */; };
		7A987C191CA225510061320D /* FabMap.cpp in Sources */ = {isa = PBXBuildFile; fileRef = 7A987BE51CA225510061320D /* FabMap.cpp */; };
		7A987C1A1CA225510061320D /* Frame.cpp in Sources */ = {isa = PBXBuildFile; fileRef = 7A987BE71CA225510061320D /* Frame.cpp */; };
		7A987C1B1CA225510061320D /* FrameMemory.cpp in Sources */ = {isa = PBXBuildFile; fileRef = 7A987BE91CA225510061320D /* FrameMemory.cpp */; };
		7A987C1C1CA225510061320D /* FramePoseStruct.cpp in Sources */ = {isa = PBXBuildFile; fileRef = 7A987BEB1CA225510061320D /* FramePoseStruct.cpp */; };
		7A987C1D1CA225510061320D /* g2oTypeSim3Sophus.cpp in Sources */ = {isa = PBXBuildFile; fileRef = 7A987BED1CA225510061320D /* g2oTypeSim3Sophus.cpp */; };
		7A987C1E1CA225510061320D /* globalFuncs.cpp in Sources */ = {isa = PBXBuildFile; fileRef = 7A987BEF1CA225510061320D /* globalFuncs.cpp */; };
		7A987C1F1CA225510061320D /* KeyFrameGraph.cpp in Sources */ = {isa = PBXBuildFile; fileRef = 7A987BF21CA225510061320D /* KeyFrameGraph.cpp */; };
		7A987C201CA225510061320D /* BOWMSCTrainer.cpp in Sources */ = {isa = PBXBuildFile; fileRef = 7A987BF61CA225510061320D /* BOWMSCTrainer.cpp */; };
		7A987C211CA225510061320D /* ChowLiuTree.cpp in Sources */ = {isa = PBXBuildFile; fileRef = 7A987BF71CA225510061320D /* ChowLiuTree.cpp */; };
		7A987C221CA225510061320D /* FabMap.cpp in Sources */ = {isa = PBXBuildFile; fileRef = 7A987BF81CA225510061320D /* FabMap.cpp */; };
		7A987C231CA225510061320D /* Relocalizer.cpp in Sources */ = {isa = PBXBuildFile; fileRef = 7A987BFA1CA225510061320D /* Relocalizer.cpp */; };
		7A987C241CA225510061320D /* SE3Tracker.cpp in Sources */ = {isa = PBXBuildFile; fileRef = 7A987BFC1CA225510061320D /* SE3Tracker.cpp */; };
		7A987C251CA225510061320D /* settings.cpp in Sources */ = {isa = PBXBuildFile; fileRef = 7A987BFE1CA225510061320D /* settings.cpp */; };
		7A987C261CA225510061320D /* Sim3Tracker.cpp in Sources */ = {isa = PBXBuildFile; fileRef = 7A987C001CA225510061320D /* Sim3Tracker.cpp */; };
		7A987C271CA225510061320D /* SlamSystem.cpp in Sources */ = {isa = PBXBuildFile; fileRef = 7A987C021CA225510061320D /* SlamSystem.cpp */; };
		7A987C281CA225510061320D /* SophusUtil.cpp in Sources */ = {isa = PBXBuildFile; fileRef = 7A987C0C1CA225510061320D /* SophusUtil.cpp */; };
		7A987C291CA225510061320D /* Timestamp.cpp in Sources */ = {isa = PBXBuildFile; fileRef = 7A987C0E1CA225510061320D /* Timestamp.cpp */; };
		7A987C2A1CA225510061320D /* TrackableKeyFrameSearch.cpp in Sources */ = {isa = PBXBuildFile; fileRef = 7A987C111CA225510061320D /* TrackableKeyFrameSearch.cpp */; };
		7A987C2B1CA225510061320D /* TrackingReference.cpp in Sources */ = {isa = PBXBuildFile; fileRef = 7A987C131CA225510061320D /* TrackingReference.cpp */; };
		7A987C2C1CA225510061320D /* Undistorter.cpp in Sources */ = {isa = PBXBuildFile; fileRef = 7A987C151CA225510061320D /* Undistorter.cpp */; };
/* End PBXBuildFile section */

/* Begin PBXCopyFilesBuildPhase section */
		7A78BE561CA1C70C000EBBAE /* CopyFiles */ = {
			isa = PBXCopyFilesBuildPhase;
			buildActionMask = 2147483647;
			dstPath = "include/$(PRODUCT_NAME)";
			dstSubfolderSpec = 16;
			files = (
			);
			runOnlyForDeploymentPostprocessing = 0;
		};
/* End PBXCopyFilesBuildPhase section */

/* Begin PBXFileReference section */
		7A78BE581CA1C70C000EBBAE /* liblsd.a */ = {isa = PBXFileReference; explicitFileType = archive.ar; includeInIndex = 0; path = liblsd.a; sourceTree = BUILT_PRODUCTS_DIR; };
		7A78BE881CA1C7AA000EBBAE /* BOWMSCTrainer.cpp */ = {isa = PBXFileReference; fileEncoding = 4; lastKnownFileType = sourcecode.cpp.cpp; path = BOWMSCTrainer.cpp; sourceTree = "<group>"; };
		7A78BE891CA1C7AA000EBBAE /* ChowLiuTree.cpp */ = {isa = PBXFileReference; fileEncoding = 4; lastKnownFileType = sourcecode.cpp.cpp; path = ChowLiuTree.cpp; sourceTree = "<group>"; };
		7A78BE8A1CA1C7AA000EBBAE /* FabMap.cpp */ = {isa = PBXFileReference; fileEncoding = 4; lastKnownFileType = sourcecode.cpp.cpp; path = FabMap.cpp; sourceTree = "<group>"; };
		7A78BE8B1CA1C7AA000EBBAE /* openfabmap.hpp */ = {isa = PBXFileReference; fileEncoding = 4; lastKnownFileType = sourcecode.cpp.h; path = openfabmap.hpp; sourceTree = "<group>"; };
		7A78BE8F1CA1C7AA000EBBAE /* rxso3.hpp */ = {isa = PBXFileReference; fileEncoding = 4; lastKnownFileType = sourcecode.cpp.h; path = rxso3.hpp; sourceTree = "<group>"; };
		7A78BE901CA1C7AA000EBBAE /* se2.hpp */ = {isa = PBXFileReference; fileEncoding = 4; lastKnownFileType = sourcecode.cpp.h; path = se2.hpp; sourceTree = "<group>"; };
		7A78BE911CA1C7AA000EBBAE /* se3.hpp */ = {isa = PBXFileReference; fileEncoding = 4; lastKnownFileType = sourcecode.cpp.h; path = se3.hpp; sourceTree = "<group>"; };
		7A78BE921CA1C7AA000EBBAE /* sim3.hpp */ = {isa = PBXFileReference; fileEncoding = 4; lastKnownFileType = sourcecode.cpp.h; path = sim3.hpp; sourceTree = "<group>"; };
		7A78BE931CA1C7AA000EBBAE /* so2.hpp */ = {isa = PBXFileReference; fileEncoding = 4; lastKnownFileType = sourcecode.cpp.h; path = so2.hpp; sourceTree = "<group>"; };
		7A78BE941CA1C7AA000EBBAE /* so3.hpp */ = {isa = PBXFileReference; fileEncoding = 4; lastKnownFileType = sourcecode.cpp.h; path = so3.hpp; sourceTree = "<group>"; };
		7A78BE951CA1C7AA000EBBAE /* sophus.hpp */ = {isa = PBXFileReference; fileEncoding = 4; lastKnownFileType = sourcecode.cpp.h; path = sophus.hpp; sourceTree = "<group>"; };
		7A78BEC41CA1C80C000EBBAE /* opencv2.framework */ = {isa = PBXFileReference; lastKnownFileType = wrapper.framework; name = opencv2.framework; path = ../../../../../usr/local/Frameworks/opencv2.framework; sourceTree = "<group>"; };
		7A78BEC61CA1C841000EBBAE /* libg2o.a */ = {isa = PBXFileReference; lastKnownFileType = archive.ar; name = libg2o.a; path = "../../../Library/Developer/Xcode/DerivedData/MobileAR-balwadihyytqxnalzovudfurvwxi/Build/Products/Debug-iphoneos/libg2o.a"; sourceTree = "<group>"; };
		7A987BE11CA225510061320D /* DepthMap.cpp */ = {isa = PBXFileReference; fileEncoding = 4; lastKnownFileType = sourcecode.cpp.cpp; path = DepthMap.cpp; sourceTree = "<group>"; };
		7A987BE21CA225510061320D /* DepthMap.h */ = {isa = PBXFileReference; fileEncoding = 4; lastKnownFileType = sourcecode.c.h; path = DepthMap.h; sourceTree = "<group>"; };
		7A987BE31CA225510061320D /* DepthMapPixelHypothesis.cpp */ = {isa = PBXFileReference; fileEncoding = 4; lastKnownFileType = sourcecode.cpp.cpp; path = DepthMapPixelHypothesis.cpp; sourceTree = "<group>"; };
		7A987BE41CA225510061320D /* DepthMapPixelHypothesis.h */ = {isa = PBXFileReference; fileEncoding = 4; lastKnownFileType = sourcecode.c.h; path = DepthMapPixelHypothesis.h; sourceTree = "<group>"; };
		7A987BE51CA225510061320D /* FabMap.cpp */ = {isa = PBXFileReference; fileEncoding = 4; lastKnownFileType = sourcecode.cpp.cpp; path = FabMap.cpp; sourceTree = "<group>"; };
		7A987BE61CA225510061320D /* FabMap.h */ = {isa = PBXFileReference; fileEncoding = 4; lastKnownFileType = sourcecode.c.h; path = FabMap.h; sourceTree = "<group>"; };
		7A987BE71CA225510061320D /* Frame.cpp */ = {isa = PBXFileReference; fileEncoding = 4; lastKnownFileType = sourcecode.cpp.cpp; path = Frame.cpp; sourceTree = "<group>"; };
		7A987BE81CA225510061320D /* Frame.h */ = {isa = PBXFileReference; fileEncoding = 4; lastKnownFileType = sourcecode.c.h; path = Frame.h; sourceTree = "<group>"; };
		7A987BE91CA225510061320D /* FrameMemory.cpp */ = {isa = PBXFileReference; fileEncoding = 4; lastKnownFileType = sourcecode.cpp.cpp; path = FrameMemory.cpp; sourceTree = "<group>"; };
		7A987BEA1CA225510061320D /* FrameMemory.h */ = {isa = PBXFileReference; fileEncoding = 4; lastKnownFileType = sourcecode.c.h; path = FrameMemory.h; sourceTree = "<group>"; };
		7A987BEB1CA225510061320D /* FramePoseStruct.cpp */ = {isa = PBXFileReference; fileEncoding = 4; lastKnownFileType = sourcecode.cpp.cpp; path = FramePoseStruct.cpp; sourceTree = "<group>"; };
		7A987BEC1CA225510061320D /* FramePoseStruct.h */ = {isa = PBXFileReference; fileEncoding = 4; lastKnownFileType = sourcecode.c.h; path = FramePoseStruct.h; sourceTree = "<group>"; };
		7A987BED1CA225510061320D /* g2oTypeSim3Sophus.cpp */ = {isa = PBXFileReference; fileEncoding = 4; lastKnownFileType = sourcecode.cpp.cpp; path = g2oTypeSim3Sophus.cpp; sourceTree = "<group>"; };
		7A987BEE1CA225510061320D /* g2oTypeSim3Sophus.h */ = {isa = PBXFileReference; fileEncoding = 4; lastKnownFileType = sourcecode.c.h; path = g2oTypeSim3Sophus.h; sourceTree = "<group>"; };
		7A987BEF1CA225510061320D /* globalFuncs.cpp */ = {isa = PBXFileReference; fileEncoding = 4; lastKnownFileType = sourcecode.cpp.cpp; path = globalFuncs.cpp; sourceTree = "<group>"; };
		7A987BF01CA225510061320D /* globalFuncs.h */ = {isa = PBXFileReference; fileEncoding = 4; lastKnownFileType = sourcecode.c.h; path = globalFuncs.h; sourceTree = "<group>"; };
		7A987BF11CA225510061320D /* IndexThreadReduce.h */ = {isa = PBXFileReference; fileEncoding = 4; lastKnownFileType = sourcecode.c.h; path = IndexThreadReduce.h; sourceTree = "<group>"; };
		7A987BF21CA225510061320D /* KeyFrameGraph.cpp */ = {isa = PBXFileReference; fileEncoding = 4; lastKnownFileType = sourcecode.cpp.cpp; path = KeyFrameGraph.cpp; sourceTree = "<group>"; };
		7A987BF31CA225510061320D /* KeyFrameGraph.h */ = {isa = PBXFileReference; fileEncoding = 4; lastKnownFileType = sourcecode.c.h; path = KeyFrameGraph.h; sourceTree = "<group>"; };
		7A987BF41CA225510061320D /* LGSX.h */ = {isa = PBXFileReference; fileEncoding = 4; lastKnownFileType = sourcecode.c.h; path = LGSX.h; sourceTree = "<group>"; };
		7A987BF61CA225510061320D /* BOWMSCTrainer.cpp */ = {isa = PBXFileReference; fileEncoding = 4; lastKnownFileType = sourcecode.cpp.cpp; path = BOWMSCTrainer.cpp; sourceTree = "<group>"; };
		7A987BF71CA225510061320D /* ChowLiuTree.cpp */ = {isa = PBXFileReference; fileEncoding = 4; lastKnownFileType = sourcecode.cpp.cpp; path = ChowLiuTree.cpp; sourceTree = "<group>"; };
		7A987BF81CA225510061320D /* FabMap.cpp */ = {isa = PBXFileReference; fileEncoding = 4; lastKnownFileType = sourcecode.cpp.cpp; path = FabMap.cpp; sourceTree = "<group>"; };
		7A987BF91CA225510061320D /* openfabmap.hpp */ = {isa = PBXFileReference; fileEncoding = 4; lastKnownFileType = sourcecode.cpp.h; path = openfabmap.hpp; sourceTree = "<group>"; };
		7A987BFA1CA225510061320D /* Relocalizer.cpp */ = {isa = PBXFileReference; fileEncoding = 4; lastKnownFileType = sourcecode.cpp.cpp; path = Relocalizer.cpp; sourceTree = "<group>"; };
		7A987BFB1CA225510061320D /* Relocalizer.h */ = {isa = PBXFileReference; fileEncoding = 4; lastKnownFileType = sourcecode.c.h; path = Relocalizer.h; sourceTree = "<group>"; };
		7A987BFC1CA225510061320D /* SE3Tracker.cpp */ = {isa = PBXFileReference; fileEncoding = 4; lastKnownFileType = sourcecode.cpp.cpp; path = SE3Tracker.cpp; sourceTree = "<group>"; };
		7A987BFD1CA225510061320D /* SE3Tracker.h */ = {isa = PBXFileReference; fileEncoding = 4; lastKnownFileType = sourcecode.c.h; path = SE3Tracker.h; sourceTree = "<group>"; };
		7A987BFE1CA225510061320D /* settings.cpp */ = {isa = PBXFileReference; fileEncoding = 4; lastKnownFileType = sourcecode.cpp.cpp; path = settings.cpp; sourceTree = "<group>"; };
		7A987BFF1CA225510061320D /* settings.h */ = {isa = PBXFileReference; fileEncoding = 4; lastKnownFileType = sourcecode.c.h; path = settings.h; sourceTree = "<group>"; };
		7A987C001CA225510061320D /* Sim3Tracker.cpp */ = {isa = PBXFileReference; fileEncoding = 4; lastKnownFileType = sourcecode.cpp.cpp; path = Sim3Tracker.cpp; sourceTree = "<group>"; };
		7A987C011CA225510061320D /* Sim3Tracker.h */ = {isa = PBXFileReference; fileEncoding = 4; lastKnownFileType = sourcecode.c.h; path = Sim3Tracker.h; sourceTree = "<group>"; };
		7A987C021CA225510061320D /* SlamSystem.cpp */ = {isa = PBXFileReference; fileEncoding = 4; lastKnownFileType = sourcecode.cpp.cpp; path = SlamSystem.cpp; sourceTree = "<group>"; };
		7A987C031CA225510061320D /* SlamSystem.h */ = {isa = PBXFileReference; fileEncoding = 4; lastKnownFileType = sourcecode.c.h; path = SlamSystem.h; sourceTree = "<group>"; };
		7A987C051CA225510061320D /* rxso3.hpp */ = {isa = PBXFileReference; fileEncoding = 4; lastKnownFileType = sourcecode.cpp.h; path = rxso3.hpp; sourceTree = "<group>"; };
		7A987C061CA225510061320D /* se2.hpp */ = {isa = PBXFileReference; fileEncoding = 4; lastKnownFileType = sourcecode.cpp.h; path = se2.hpp; sourceTree = "<group>"; };
		7A987C071CA225510061320D /* se3.hpp */ = {isa = PBXFileReference; fileEncoding = 4; lastKnownFileType = sourcecode.cpp.h; path = se3.hpp; sourceTree = "<group>"; };
		7A987C081CA225510061320D /* sim3.hpp */ = {isa = PBXFileReference; fileEncoding = 4; lastKnownFileType = sourcecode.cpp.h; path = sim3.hpp; sourceTree = "<group>"; };
		7A987C091CA225510061320D /* so2.hpp */ = {isa = PBXFileReference; fileEncoding = 4; lastKnownFileType = sourcecode.cpp.h; path = so2.hpp; sourceTree = "<group>"; };
		7A987C0A1CA225510061320D /* so3.hpp */ = {isa = PBXFileReference; fileEncoding = 4; lastKnownFileType = sourcecode.cpp.h; path = so3.hpp; sourceTree = "<group>"; };
		7A987C0B1CA225510061320D /* sophus.hpp */ = {isa = PBXFileReference; fileEncoding = 4; lastKnownFileType = sourcecode.cpp.h; path = sophus.hpp; sourceTree = "<group>"; };
		7A987C0C1CA225510061320D /* SophusUtil.cpp */ = {isa = PBXFileReference; fileEncoding = 4; lastKnownFileType = sourcecode.cpp.cpp; path = SophusUtil.cpp; sourceTree = "<group>"; };
		7A987C0D1CA225510061320D /* SophusUtil.h */ = {isa = PBXFileReference; fileEncoding = 4; lastKnownFileType = sourcecode.c.h; path = SophusUtil.h; sourceTree = "<group>"; };
		7A987C0E1CA225510061320D /* Timestamp.cpp */ = {isa = PBXFileReference; fileEncoding = 4; lastKnownFileType = sourcecode.cpp.cpp; path = Timestamp.cpp; sourceTree = "<group>"; };
		7A987C0F1CA225510061320D /* Timestamp.h */ = {isa = PBXFileReference; fileEncoding = 4; lastKnownFileType = sourcecode.c.h; path = Timestamp.h; sourceTree = "<group>"; };
		7A987C101CA225510061320D /* TimestampedObject.h */ = {isa = PBXFileReference; fileEncoding = 4; lastKnownFileType = sourcecode.c.h; path = TimestampedObject.h; sourceTree = "<group>"; };
		7A987C111CA225510061320D /* TrackableKeyFrameSearch.cpp */ = {isa = PBXFileReference; fileEncoding = 4; lastKnownFileType = sourcecode.cpp.cpp; path = TrackableKeyFrameSearch.cpp; sourceTree = "<group>"; };
		7A987C121CA225510061320D /* TrackableKeyFrameSearch.h */ = {isa = PBXFileReference; fileEncoding = 4; lastKnownFileType = sourcecode.c.h; path = TrackableKeyFrameSearch.h; sourceTree = "<group>"; };
		7A987C131CA225510061320D /* TrackingReference.cpp */ = {isa = PBXFileReference; fileEncoding = 4; lastKnownFileType = sourcecode.cpp.cpp; path = TrackingReference.cpp; sourceTree = "<group>"; };
		7A987C141CA225510061320D /* TrackingReference.h */ = {isa = PBXFileReference; fileEncoding = 4; lastKnownFileType = sourcecode.c.h; path = TrackingReference.h; sourceTree = "<group>"; };
		7A987C151CA225510061320D /* Undistorter.cpp */ = {isa = PBXFileReference; fileEncoding = 4; lastKnownFileType = sourcecode.cpp.cpp; path = Undistorter.cpp; sourceTree = "<group>"; };
		7A987C161CA225510061320D /* Undistorter.h */ = {isa = PBXFileReference; fileEncoding = 4; lastKnownFileType = sourcecode.c.h; path = Undistorter.h; sourceTree = "<group>"; };
/* End PBXFileReference section */

/* Begin PBXFrameworksBuildPhase section */
		7A78BE551CA1C70C000EBBAE /* Frameworks */ = {
			isa = PBXFrameworksBuildPhase;
			buildActionMask = 2147483647;
			files = (
				7A78BEC71CA1C841000EBBAE /* libg2o.a in Frameworks */,
				7A78BEC51CA1C80C000EBBAE /* opencv2.framework in Frameworks */,
			);
			runOnlyForDeploymentPostprocessing = 0;
		};
/* End PBXFrameworksBuildPhase section */

/* Begin PBXGroup section */
		7A78BE4F1CA1C70C000EBBAE = {
			isa = PBXGroup;
			children = (
				7A78BEC61CA1C841000EBBAE /* libg2o.a */,
				7A78BEC41CA1C80C000EBBAE /* opencv2.framework */,
				7A78BE641CA1C7AA000EBBAE /* lsd */,
				7A78BE591CA1C70C000EBBAE /* Products */,
			);
			sourceTree = "<group>";
		};
		7A78BE591CA1C70C000EBBAE /* Products */ = {
			isa = PBXGroup;
			children = (
				7A78BE581CA1C70C000EBBAE /* liblsd.a */,
			);
			name = Products;
			sourceTree = "<group>";
		};
		7A78BE641CA1C7AA000EBBAE /* lsd */ = {
			isa = PBXGroup;
			children = (
				7A987BF51CA225510061320D /* openFabMap */,
				7A987C041CA225510061320D /* Sophus */,
				7A987BE11CA225510061320D /* DepthMap.cpp */,
				7A987BE21CA225510061320D /* DepthMap.h */,
				7A987BE31CA225510061320D /* DepthMapPixelHypothesis.cpp */,
				7A987BE41CA225510061320D /* DepthMapPixelHypothesis.h */,
				7A987BE51CA225510061320D /* FabMap.cpp */,
				7A987BE61CA225510061320D /* FabMap.h */,
				7A987BE71CA225510061320D /* Frame.cpp */,
				7A987BE81CA225510061320D /* Frame.h */,
				7A987BE91CA225510061320D /* FrameMemory.cpp */,
				7A987BEA1CA225510061320D /* FrameMemory.h */,
				7A987BEB1CA225510061320D /* FramePoseStruct.cpp */,
				7A987BEC1CA225510061320D /* FramePoseStruct.h */,
				7A987BED1CA225510061320D /* g2oTypeSim3Sophus.cpp */,
				7A987BEE1CA225510061320D /* g2oTypeSim3Sophus.h */,
				7A987BEF1CA225510061320D /* globalFuncs.cpp */,
				7A987BF01CA225510061320D /* globalFuncs.h */,
				7A987BF11CA225510061320D /* IndexThreadReduce.h */,
				7A987BF21CA225510061320D /* KeyFrameGraph.cpp */,
				7A987BF31CA225510061320D /* KeyFrameGraph.h */,
				7A987BF41CA225510061320D /* LGSX.h */,
				7A987BFA1CA225510061320D /* Relocalizer.cpp */,
				7A987BFB1CA225510061320D /* Relocalizer.h */,
				7A987BFC1CA225510061320D /* SE3Tracker.cpp */,
				7A987BFD1CA225510061320D /* SE3Tracker.h */,
				7A987BFE1CA225510061320D /* settings.cpp */,
				7A987BFF1CA225510061320D /* settings.h */,
				7A987C001CA225510061320D /* Sim3Tracker.cpp */,
				7A987C011CA225510061320D /* Sim3Tracker.h */,
				7A987C021CA225510061320D /* SlamSystem.cpp */,
				7A987C031CA225510061320D /* SlamSystem.h */,
				7A987C0C1CA225510061320D /* SophusUtil.cpp */,
				7A987C0D1CA225510061320D /* SophusUtil.h */,
				7A987C0E1CA225510061320D /* Timestamp.cpp */,
				7A987C0F1CA225510061320D /* Timestamp.h */,
				7A987C101CA225510061320D /* TimestampedObject.h */,
				7A987C111CA225510061320D /* TrackableKeyFrameSearch.cpp */,
				7A987C121CA225510061320D /* TrackableKeyFrameSearch.h */,
				7A987C131CA225510061320D /* TrackingReference.cpp */,
				7A987C141CA225510061320D /* TrackingReference.h */,
				7A987C151CA225510061320D /* Undistorter.cpp */,
				7A987C161CA225510061320D /* Undistorter.h */,
				7A78BE8E1CA1C7AA000EBBAE /* Sophus */,
				7A78BE871CA1C7AA000EBBAE /* openFabMap */,
			);
			path = lsd;
			sourceTree = "<group>";
		};
		7A78BE871CA1C7AA000EBBAE /* openFabMap */ = {
			isa = PBXGroup;
			children = (
				7A78BE881CA1C7AA000EBBAE /* BOWMSCTrainer.cpp */,
				7A78BE891CA1C7AA000EBBAE /* ChowLiuTree.cpp */,
				7A78BE8A1CA1C7AA000EBBAE /* FabMap.cpp */,
				7A78BE8B1CA1C7AA000EBBAE /* openfabmap.hpp */,
			);
			path = openFabMap;
			sourceTree = "<group>";
		};
		7A78BE8E1CA1C7AA000EBBAE /* Sophus */ = {
			isa = PBXGroup;
			children = (
				7A78BE8F1CA1C7AA000EBBAE /* rxso3.hpp */,
				7A78BE901CA1C7AA000EBBAE /* se2.hpp */,
				7A78BE911CA1C7AA000EBBAE /* se3.hpp */,
				7A78BE921CA1C7AA000EBBAE /* sim3.hpp */,
				7A78BE931CA1C7AA000EBBAE /* so2.hpp */,
				7A78BE941CA1C7AA000EBBAE /* so3.hpp */,
				7A78BE951CA1C7AA000EBBAE /* sophus.hpp */,
			);
			path = Sophus;
			sourceTree = "<group>";
		};
		7A987BF51CA225510061320D /* openFabMap */ = {
			isa = PBXGroup;
			children = (
				7A987BF61CA225510061320D /* BOWMSCTrainer.cpp */,
				7A987BF71CA225510061320D /* ChowLiuTree.cpp */,
				7A987BF81CA225510061320D /* FabMap.cpp */,
				7A987BF91CA225510061320D /* openfabmap.hpp */,
			);
			path = openFabMap;
			sourceTree = "<group>";
		};
		7A987C041CA225510061320D /* Sophus */ = {
			isa = PBXGroup;
			children = (
				7A987C051CA225510061320D /* rxso3.hpp */,
				7A987C061CA225510061320D /* se2.hpp */,
				7A987C071CA225510061320D /* se3.hpp */,
				7A987C081CA225510061320D /* sim3.hpp */,
				7A987C091CA225510061320D /* so2.hpp */,
				7A987C0A1CA225510061320D /* so3.hpp */,
				7A987C0B1CA225510061320D /* sophus.hpp */,
			);
			path = Sophus;
			sourceTree = "<group>";
		};
/* End PBXGroup section */

/* Begin PBXNativeTarget section */
		7A78BE571CA1C70C000EBBAE /* lsd */ = {
			isa = PBXNativeTarget;
			buildConfigurationList = 7A78BE611CA1C70C000EBBAE /* Build configuration list for PBXNativeTarget "lsd" */;
			buildPhases = (
				7A78BE541CA1C70C000EBBAE /* Sources */,
				7A78BE551CA1C70C000EBBAE /* Frameworks */,
				7A78BE561CA1C70C000EBBAE /* CopyFiles */,
			);
			buildRules = (
			);
			dependencies = (
			);
			name = lsd;
			productName = lsd;
			productReference = 7A78BE581CA1C70C000EBBAE /* liblsd.a */;
			productType = "com.apple.product-type.library.static";
		};
/* End PBXNativeTarget section */

/* Begin PBXProject section */
		7A78BE501CA1C70C000EBBAE /* Project object */ = {
			isa = PBXProject;
			attributes = {
				LastUpgradeCheck = 0720;
				ORGANIZATIONNAME = "Imperial College London";
				TargetAttributes = {
					7A78BE571CA1C70C000EBBAE = {
						CreatedOnToolsVersion = 7.2.1;
					};
				};
			};
			buildConfigurationList = 7A78BE531CA1C70C000EBBAE /* Build configuration list for PBXProject "lsd" */;
			compatibilityVersion = "Xcode 3.2";
			developmentRegion = English;
			hasScannedForEncodings = 0;
			knownRegions = (
				en,
			);
			mainGroup = 7A78BE4F1CA1C70C000EBBAE;
			productRefGroup = 7A78BE591CA1C70C000EBBAE /* Products */;
			projectDirPath = "";
			projectRoot = "";
			targets = (
				7A78BE571CA1C70C000EBBAE /* lsd */,
			);
		};
/* End PBXProject section */

/* Begin PBXSourcesBuildPhase section */
		7A78BE541CA1C70C000EBBAE /* Sources */ = {
			isa = PBXSourcesBuildPhase;
			buildActionMask = 2147483647;
			files = (
				7A987C2B1CA225510061320D /* TrackingReference.cpp in Sources */,
				7A987C1F1CA225510061320D /* KeyFrameGraph.cpp in Sources */,
				7A987C1E1CA225510061320D /* globalFuncs.cpp in Sources */,
				7A987C221CA225510061320D /* FabMap.cpp in Sources */,
				7A987C1D1CA225510061320D /* g2oTypeSim3Sophus.cpp in Sources */,
				7A987C171CA225510061320D /* DepthMap.cpp in Sources */,
				7A78BEBA1CA1C7AA000EBBAE /* FabMap.cpp in Sources */,
				7A987C261CA225510061320D /* Sim3Tracker.cpp in Sources */,
				7A987C251CA225510061320D /* settings.cpp in Sources */,
				7A987C191CA225510061320D /* FabMap.cpp in Sources */,
				7A987C201CA225510061320D /* BOWMSCTrainer.cpp in Sources */,
				7A987C211CA225510061320D /* ChowLiuTree.cpp in Sources */,
				7A987C181CA225510061320D /* DepthMapPixelHypothesis.cpp in Sources */,
				7A987C1C1CA225510061320D /* FramePoseStruct.cpp in Sources */,
				7A987C2A1CA225510061320D /* TrackableKeyFrameSearch.cpp in Sources */,
				7A987C271CA225510061320D /* SlamSystem.cpp in Sources */,
				7A987C1B1CA225510061320D /* FrameMemory.cpp in Sources */,
				7A987C2C1CA225510061320D /* Undistorter.cpp in Sources */,
				7A987C281CA225510061320D /* SophusUtil.cpp in Sources */,
				7A987C291CA225510061320D /* Timestamp.cpp in Sources */,
				7A987C231CA225510061320D /* Relocalizer.cpp in Sources */,
				7A987C241CA225510061320D /* SE3Tracker.cpp in Sources */,
				7A987C1A1CA225510061320D /* Frame.cpp in Sources */,
				7A78BEB81CA1C7AA000EBBAE /* BOWMSCTrainer.cpp in Sources */,
				7A78BEB91CA1C7AA000EBBAE /* ChowLiuTree.cpp in Sources */,
			);
			runOnlyForDeploymentPostprocessing = 0;
		};
/* End PBXSourcesBuildPhase section */

/* Begin XCBuildConfiguration section */
		7A78BE5F1CA1C70C000EBBAE /* Debug */ = {
			isa = XCBuildConfiguration;
			buildSettings = {
				ALWAYS_SEARCH_USER_PATHS = NO;
				CLANG_CXX_LANGUAGE_STANDARD = "gnu++0x";
				CLANG_CXX_LIBRARY = "libc++";
				CLANG_ENABLE_MODULES = YES;
				CLANG_ENABLE_OBJC_ARC = YES;
				CLANG_WARN_BOOL_CONVERSION = YES;
				CLANG_WARN_CONSTANT_CONVERSION = YES;
				CLANG_WARN_DIRECT_OBJC_ISA_USAGE = YES_ERROR;
				CLANG_WARN_EMPTY_BODY = YES;
				CLANG_WARN_ENUM_CONVERSION = YES;
				CLANG_WARN_INT_CONVERSION = YES;
				CLANG_WARN_OBJC_ROOT_CLASS = YES_ERROR;
				CLANG_WARN_UNREACHABLE_CODE = YES;
				CLANG_WARN__DUPLICATE_METHOD_MATCH = YES;
				"CODE_SIGN_IDENTITY[sdk=iphoneos*]" = "iPhone Developer";
				COPY_PHASE_STRIP = NO;
				DEBUG_INFORMATION_FORMAT = dwarf;
				ENABLE_STRICT_OBJC_MSGSEND = YES;
				ENABLE_TESTABILITY = YES;
				GCC_C_LANGUAGE_STANDARD = gnu99;
				GCC_DYNAMIC_NO_PIC = NO;
				GCC_NO_COMMON_BLOCKS = YES;
				GCC_OPTIMIZATION_LEVEL = 0;
				GCC_PREPROCESSOR_DEFINITIONS = (
					"DEBUG=1",
					"$(inherited)",
				);
				GCC_WARN_64_TO_32_BIT_CONVERSION = YES;
				GCC_WARN_ABOUT_RETURN_TYPE = YES_ERROR;
				GCC_WARN_UNDECLARED_SELECTOR = YES;
				GCC_WARN_UNINITIALIZED_AUTOS = YES_AGGRESSIVE;
				GCC_WARN_UNUSED_FUNCTION = YES;
				GCC_WARN_UNUSED_VARIABLE = YES;
				IPHONEOS_DEPLOYMENT_TARGET = 9.2;
				MTL_ENABLE_DEBUG_INFO = YES;
				ONLY_ACTIVE_ARCH = YES;
				SDKROOT = iphoneos;
			};
			name = Debug;
		};
		7A78BE601CA1C70C000EBBAE /* Release */ = {
			isa = XCBuildConfiguration;
			buildSettings = {
				ALWAYS_SEARCH_USER_PATHS = NO;
				CLANG_CXX_LANGUAGE_STANDARD = "gnu++0x";
				CLANG_CXX_LIBRARY = "libc++";
				CLANG_ENABLE_MODULES = YES;
				CLANG_ENABLE_OBJC_ARC = YES;
				CLANG_WARN_BOOL_CONVERSION = YES;
				CLANG_WARN_CONSTANT_CONVERSION = YES;
				CLANG_WARN_DIRECT_OBJC_ISA_USAGE = YES_ERROR;
				CLANG_WARN_EMPTY_BODY = YES;
				CLANG_WARN_ENUM_CONVERSION = YES;
				CLANG_WARN_INT_CONVERSION = YES;
				CLANG_WARN_OBJC_ROOT_CLASS = YES_ERROR;
				CLANG_WARN_UNREACHABLE_CODE = YES;
				CLANG_WARN__DUPLICATE_METHOD_MATCH = YES;
				"CODE_SIGN_IDENTITY[sdk=iphoneos*]" = "iPhone Developer";
				COPY_PHASE_STRIP = NO;
				DEBUG_INFORMATION_FORMAT = "dwarf-with-dsym";
				ENABLE_NS_ASSERTIONS = NO;
				ENABLE_STRICT_OBJC_MSGSEND = YES;
				GCC_C_LANGUAGE_STANDARD = gnu99;
				GCC_NO_COMMON_BLOCKS = YES;
				GCC_WARN_64_TO_32_BIT_CONVERSION = YES;
				GCC_WARN_ABOUT_RETURN_TYPE = YES_ERROR;
				GCC_WARN_UNDECLARED_SELECTOR = YES;
				GCC_WARN_UNINITIALIZED_AUTOS = YES_AGGRESSIVE;
				GCC_WARN_UNUSED_FUNCTION = YES;
				GCC_WARN_UNUSED_VARIABLE = YES;
				IPHONEOS_DEPLOYMENT_TARGET = 9.2;
				MTL_ENABLE_DEBUG_INFO = NO;
				SDKROOT = iphoneos;
				VALIDATE_PRODUCT = YES;
			};
			name = Release;
		};
		7A78BE621CA1C70C000EBBAE /* Debug */ = {
			isa = XCBuildConfiguration;
			buildSettings = {
				CLANG_CXX_LANGUAGE_STANDARD = "compiler-default";
				CLANG_CXX_LIBRARY = "libc++";
				FRAMEWORK_SEARCH_PATHS = (
					"$(inherited)",
					/usr/local/Frameworks,
				);
				GCC_C_LANGUAGE_STANDARD = c11;
				HEADER_SEARCH_PATHS = (
					./lsd/,
					../g2o/,
					../g2o/g2o,
					/usr/local/include/eigen3,
					/Users/nandor/Projects/ofxiOSBoost/libs/boost/include,
				);
				OTHER_CPLUSPLUSFLAGS = (
					"$(OTHER_CFLAGS)",
					"-std=c++1y",
				);
				OTHER_LDFLAGS = "-ObjC";
				PRODUCT_NAME = "$(TARGET_NAME)";
				SKIP_INSTALL = YES;
			};
			name = Debug;
		};
		7A78BE631CA1C70C000EBBAE /* Release */ = {
			isa = XCBuildConfiguration;
			buildSettings = {
				CLANG_CXX_LANGUAGE_STANDARD = "compiler-default";
				CLANG_CXX_LIBRARY = "libc++";
				FRAMEWORK_SEARCH_PATHS = (
					"$(inherited)",
					/usr/local/Frameworks,
				);
				GCC_C_LANGUAGE_STANDARD = c11;
				HEADER_SEARCH_PATHS = (
					./lsd/,
					../g2o/,
					../g2o/g2o,
					/usr/local/include/eigen3,
					/Users/nandor/Projects/ofxiOSBoost/libs/boost/include,
				);
				OTHER_CPLUSPLUSFLAGS = (
					"$(OTHER_CFLAGS)",
					"-std=c++1y",
				);
				OTHER_LDFLAGS = "-ObjC";
				PRODUCT_NAME = "$(TARGET_NAME)";
				SKIP_INSTALL = YES;
			};
			name = Release;
		};
/* End XCBuildConfiguration section */

/* Begin XCConfigurationList section */
		7A78BE531CA1C70C000EBBAE /* Build configuration list for PBXProject "lsd" */ = {
			isa = XCConfigurationList;
			buildConfigurations = (
				7A78BE5F1CA1C70C000EBBAE /* Debug */,
				7A78BE601CA1C70C000EBBAE /* Release */,
			);
			defaultConfigurationIsVisible = 0;
			defaultConfigurationName = Release;
		};
		7A78BE611CA1C70C000EBBAE /* Build configuration list for PBXNativeTarget "lsd" */ = {
			isa = XCConfigurationList;
			buildConfigurations = (
				7A78BE621CA1C70C000EBBAE /* Debug */,
				7A78BE631CA1C70C000EBBAE /* Release */,
			);
			defaultConfigurationIsVisible = 0;
			defaultConfigurationName = Release;
		};
/* End XCConfigurationList section */
	};
	rootObject = 7A78BE501CA1C70C000EBBAE /* Project object */;
}
