// !$*UTF8*$!
{
	archiveVersion = 1;
	classes = {
	};
	objectVersion = 46;
	objects = {

/* Begin PBXBuildFile section */
		7A1E3BB91C5962AF00E63312 /* ARMesh.metal in Sources */ = {isa = PBXBuildFile; fileRef = 7A1E3BB81C5962AF00E63312 /* ARMesh.metal */; };
		7A255CBD1CA1F277005D120A /* liblsd.a in Frameworks */ = {isa = PBXBuildFile; fileRef = 7A255CBC1CA1F277005D120A /* liblsd.a */; };
		7A2FE8FD1C77DF5A009BECCC /* LightProbeSampler.cpp in Sources */ = {isa = PBXBuildFile; fileRef = 7A2FE8FB1C77DF5A009BECCC /* LightProbeSampler.cpp */; };
		7A3F5D9A1C5D1D010044F6FC /* ARFileReader.swift in Sources */ = {isa = PBXBuildFile; fileRef = 7A3F5D991C5D1D010044F6FC /* ARFileReader.swift */; };
		7A48122F1C8DB0AC00521E35 /* HDRBuilder.cpp in Sources */ = {isa = PBXBuildFile; fileRef = 7A48122D1C8DB0AC00521E35 /* HDRBuilder.cpp */; };
		7A49DFDC1C604F9E00C47B8A /* cup_diff.png in Resources */ = {isa = PBXBuildFile; fileRef = 7A49DFD91C604F9E00C47B8A /* cup_diff.png */; };
		7A49DFDD1C604F9E00C47B8A /* cup_norm.png in Resources */ = {isa = PBXBuildFile; fileRef = 7A49DFDA1C604F9E00C47B8A /* cup_norm.png */; };
		7A49DFDE1C604F9E00C47B8A /* cup_spec.png in Resources */ = {isa = PBXBuildFile; fileRef = 7A49DFDB1C604F9E00C47B8A /* cup_spec.png */; };
		7A49DFE31C60FBB600C47B8A /* cube_diff.png in Resources */ = {isa = PBXBuildFile; fileRef = 7A49DFDF1C60FBB600C47B8A /* cube_diff.png */; };
		7A49DFE41C60FBB600C47B8A /* cube_norm.png in Resources */ = {isa = PBXBuildFile; fileRef = 7A49DFE01C60FBB600C47B8A /* cube_norm.png */; };
		7A49DFE51C60FBB600C47B8A /* cube_spec.png in Resources */ = {isa = PBXBuildFile; fileRef = 7A49DFE11C60FBB600C47B8A /* cube_spec.png */; };
		7A49DFE61C60FBB600C47B8A /* cube.obj in Resources */ = {isa = PBXBuildFile; fileRef = 7A49DFE21C60FBB600C47B8A /* cube.obj */; };
		7A5B46A81BCF1A58003F87BE /* AVFoundation.framework in Frameworks */ = {isa = PBXBuildFile; fileRef = 7A5B46A71BCF1A58003F87BE /* AVFoundation.framework */; };
		7A5B46AA1BCF2247003F87BE /* CoreMedia.framework in Frameworks */ = {isa = PBXBuildFile; fileRef = 7A5B46A91BCF2247003F87BE /* CoreMedia.framework */; };
		7A62D67B1C9B881900BE42C8 /* ARFXAA.metal in Sources */ = {isa = PBXBuildFile; fileRef = 7A62D67A1C9B881900BE42C8 /* ARFXAA.metal */; };
		7A62D67D1C9B887C00BE42C8 /* ARLighting.metal in Sources */ = {isa = PBXBuildFile; fileRef = 7A62D67C1C9B887C00BE42C8 /* ARLighting.metal */; };
		7A62D67F1C9B889300BE42C8 /* ARSSAO.metal in Sources */ = {isa = PBXBuildFile; fileRef = 7A62D67E1C9B889300BE42C8 /* ARSSAO.metal */; };
		7A6B81F61CA29B9700D339AE /* libboost.a in Frameworks */ = {isa = PBXBuildFile; fileRef = 7A6B81F51CA29B9700D339AE /* libboost.a */; };
		7A7093031CC639BE003D6742 /* ARQuaternion.swift in Sources */ = {isa = PBXBuildFile; fileRef = 7A7093021CC639BE003D6742 /* ARQuaternion.swift */; };
		7A78BE481CA1C5BD000EBBAE /* opencv2.framework in Frameworks */ = {isa = PBXBuildFile; fileRef = 7A78BE471CA1C5BD000EBBAE /* opencv2.framework */; };
		7A7B3C881C62D5E200D843B7 /* ARHDRCamera.swift in Sources */ = {isa = PBXBuildFile; fileRef = 7A7B3C871C62D5E200D843B7 /* ARHDRCamera.swift */; };
		7AC9F6121C5E7BF100AF86BC /* cup.obj in Resources */ = {isa = PBXBuildFile; fileRef = 7AC9F6111C5E7BF100AF86BC /* cup.obj */; };
		7AEBBCF91C5E8F0C00DD4FAD /* ARLight.swift in Sources */ = {isa = PBXBuildFile; fileRef = 7AEBBCF81C5E8F0C00DD4FAD /* ARLight.swift */; };
		7AFCF8481BCE40CB00A108F9 /* Assets.xcassets in Resources */ = {isa = PBXBuildFile; fileRef = 7AFCF8471BCE40CB00A108F9 /* Assets.xcassets */; };
		C13F80202E2E4BB0701AA1BB /* ARParameters.swift in Sources */ = {isa = PBXBuildFile; fileRef = C13F850743FA3DD255216D0A /* ARParameters.swift */; };
		C13F80C0886DF2EF0DF14E40 /* VarianceCutSampler.cpp in Sources */ = {isa = PBXBuildFile; fileRef = C13F8AF063046F657FBA2F41 /* VarianceCutSampler.cpp */; };
		C13F815F06C2347ED7E8731C /* PhotoSphereBuilder.cpp in Sources */ = {isa = PBXBuildFile; fileRef = C13F83205E36D9313B0C5705 /* PhotoSphereBuilder.cpp */; };
		C13F82006DA8B43D435FEE39 /* AREnvironment.metal in Sources */ = {isa = PBXBuildFile; fileRef = C13F847015773B636A11DF21 /* AREnvironment.metal */; };
		C13F82760C73FAEF9669526F /* ARCalibrateController.swift in Sources */ = {isa = PBXBuildFile; fileRef = C13F8F06BFBB22987C893E2E /* ARCalibrateController.swift */; };
		C13F83151836377392660EB1 /* AREnvironmentCaptureController.swift in Sources */ = {isa = PBXBuildFile; fileRef = C13F8B00F4033A39182CAF94 /* AREnvironmentCaptureController.swift */; };
		C13F845C0484D71FD4CEC8C8 /* MedianCutSampler.cpp in Sources */ = {isa = PBXBuildFile; fileRef = C13F87AF09D79753A79B4B45 /* MedianCutSampler.cpp */; };
		C13F8471FB56C1D1286409A8 /* ARSceneRenderer.swift in Sources */ = {isa = PBXBuildFile; fileRef = C13F8BBCDA1335F81A093177 /* ARSceneRenderer.swift */; };
		C13F84FB9F32C57887CC6362 /* ARLightProbeSampler.mm in Sources */ = {isa = PBXBuildFile; fileRef = C13F89E4952DA243444FDE06 /* ARLightProbeSampler.mm */; };
		C13F85B0A2D9C29A9765B5E9 /* AREnvironment.swift in Sources */ = {isa = PBXBuildFile; fileRef = C13F81F38B539629D86DBBCB /* AREnvironment.swift */; };
		C13F85F7CDF965ACFD469767 /* ARMarkerPoseTracker.mm in Sources */ = {isa = PBXBuildFile; fileRef = C13F8476C472F0C2A4F86A4B /* ARMarkerPoseTracker.mm */; };
		C13F86C929B9293243D5D9C1 /* AREnvironmentViewController.swift in Sources */ = {isa = PBXBuildFile; fileRef = C13F8ACBD08B6BB368F59ED9 /* AREnvironmentViewController.swift */; };
		C13F875D61FE475D5A12851E /* ARCamera.swift in Sources */ = {isa = PBXBuildFile; fileRef = C13F8336ED5C5246986DFBC5 /* ARCamera.swift */; };
		C13F87C7A162442BE302226F /* AREnvironmentBuilder.mm in Sources */ = {isa = PBXBuildFile; fileRef = C13F80C8A2ABC20DE423A74C /* AREnvironmentBuilder.mm */; };
		C13F88BCD2DB5F614F066137 /* ARAppDelegate.swift in Sources */ = {isa = PBXBuildFile; fileRef = C13F8DAF8EBDD0C4C7F91DCF /* ARAppDelegate.swift */; };
		C13F89111BD3F1F1FC03D84D /* ARPostFX.metal in Sources */ = {isa = PBXBuildFile; fileRef = C13F8B19027A11598919DBE2 /* ARPostFX.metal */; };
		C13F8922F94928E19AF4B060 /* ARMesh.swift in Sources */ = {isa = PBXBuildFile; fileRef = C13F805F9FDFCD673FF1121C /* ARMesh.swift */; };
		C13F8955820B5D1446EA96FD /* ARDemoPoseTracker.swift in Sources */ = {isa = PBXBuildFile; fileRef = C13F8D450FF34AE29001A8A2 /* ARDemoPoseTracker.swift */; };
		C13F89B716D272A8E7FB753A /* ARCalibrator.mm in Sources */ = {isa = PBXBuildFile; fileRef = C13F8AD6D3544A89CEDE498B /* ARCalibrator.mm */; };
		C13F8B380DB34555FEECAABB /* UIImage+MTLTexture.mm in Sources */ = {isa = PBXBuildFile; fileRef = C13F8CE8241A1256290EF954 /* UIImage+MTLTexture.mm */; };
		C13F8C886918E43EBB1E4A6F /* ARObject.swift in Sources */ = {isa = PBXBuildFile; fileRef = C13F879F0B032ECFC39BCFDE /* ARObject.swift */; };
		C13F8D0C83BDCBAC09944968 /* AREnvironmentViewRenderer.swift in Sources */ = {isa = PBXBuildFile; fileRef = C13F813B6165E227B70C96C7 /* AREnvironmentViewRenderer.swift */; };
		C13F8E2F102AE440F08587BA /* ARPose.swift in Sources */ = {isa = PBXBuildFile; fileRef = C13F8C3B49A39FD13AC34AE3 /* ARPose.swift */; };
		C13F8E421E67F5ED13FF349B /* ARSceneViewController.swift in Sources */ = {isa = PBXBuildFile; fileRef = C13F86B2B5B85BE1365D2D33 /* ARSceneViewController.swift */; };
		C13F8EC72C77C8E5EAE1D201 /* ARRenderer.swift in Sources */ = {isa = PBXBuildFile; fileRef = C13F872B33A5DF135A8C5C15 /* ARRenderer.swift */; };
		C13F8EDD9DE8863D980351CC /* ARParametersViewController.swift in Sources */ = {isa = PBXBuildFile; fileRef = C13F88C686AAE8A50096E0AE /* ARParametersViewController.swift */; };
		C13F8EDE948538A50F0D75EE /* ARSlamPoseTracker.mm in Sources */ = {isa = PBXBuildFile; fileRef = C13F8F8FABC50146C2501D78 /* ARSlamPoseTracker.mm */; };
		C13F8F30393D3043002256F5 /* UIImage+cvMat.mm in Sources */ = {isa = PBXBuildFile; fileRef = C13F8DF99955090111513222 /* UIImage+cvMat.mm */; };
		C13F8F65B70AFD4AACB467B9 /* AREnvironmentListController.swift in Sources */ = {isa = PBXBuildFile; fileRef = C13F8C65C26D8B7CB74A066B /* AREnvironmentListController.swift */; };
/* End PBXBuildFile section */

/* Begin PBXFileReference section */
		7A1B7FF71CC3E8E6002184B6 /* Jet.h */ = {isa = PBXFileReference; fileEncoding = 4; lastKnownFileType = sourcecode.c.h; name = Jet.h; path = ar/Jet.h; sourceTree = "<group>"; };
		7A1E3BB81C5962AF00E63312 /* ARMesh.metal */ = {isa = PBXFileReference; fileEncoding = 4; lastKnownFileType = sourcecode.metal; path = ARMesh.metal; sourceTree = "<group>"; };
		7A255CBC1CA1F277005D120A /* liblsd.a */ = {isa = PBXFileReference; lastKnownFileType = archive.ar; name = liblsd.a; path = "../../../Library/Developer/Xcode/DerivedData/MobileAR-anqurysiqxcprzadtfucllnkhbrc/Build/Products/Debug-iphoneos/liblsd.a"; sourceTree = "<group>"; };
		7A2FE8FA1C77C00F009BECCC /* Moments.h */ = {isa = PBXFileReference; fileEncoding = 4; lastKnownFileType = sourcecode.c.h; name = Moments.h; path = ar/Moments.h; sourceTree = "<group>"; };
		7A2FE8FB1C77DF5A009BECCC /* LightProbeSampler.cpp */ = {isa = PBXFileReference; fileEncoding = 4; lastKnownFileType = sourcecode.cpp.cpp; name = LightProbeSampler.cpp; path = ar/LightProbeSampler.cpp; sourceTree = "<group>"; };
		7A2FE8FC1C77DF5A009BECCC /* LightProbeSampler.h */ = {isa = PBXFileReference; fileEncoding = 4; lastKnownFileType = sourcecode.c.h; name = LightProbeSampler.h; path = ar/LightProbeSampler.h; sourceTree = "<group>"; };
		7A3F5D991C5D1D010044F6FC /* ARFileReader.swift */ = {isa = PBXFileReference; fileEncoding = 4; lastKnownFileType = sourcecode.swift; path = ARFileReader.swift; sourceTree = "<group>"; };
		7A48122D1C8DB0AC00521E35 /* HDRBuilder.cpp */ = {isa = PBXFileReference; fileEncoding = 4; lastKnownFileType = sourcecode.cpp.cpp; name = HDRBuilder.cpp; path = ar/HDRBuilder.cpp; sourceTree = "<group>"; };
		7A48122E1C8DB0AC00521E35 /* HDRBuilder.h */ = {isa = PBXFileReference; fileEncoding = 4; lastKnownFileType = sourcecode.c.h; name = HDRBuilder.h; path = ar/HDRBuilder.h; sourceTree = "<group>"; };
		7A49DFD91C604F9E00C47B8A /* cup_diff.png */ = {isa = PBXFileReference; lastKnownFileType = image.png; name = cup_diff.png; path = MobileAR/models/cup_diff.png; sourceTree = "<group>"; };
		7A49DFDA1C604F9E00C47B8A /* cup_norm.png */ = {isa = PBXFileReference; lastKnownFileType = image.png; name = cup_norm.png; path = MobileAR/models/cup_norm.png; sourceTree = "<group>"; };
		7A49DFDB1C604F9E00C47B8A /* cup_spec.png */ = {isa = PBXFileReference; lastKnownFileType = image.png; name = cup_spec.png; path = MobileAR/models/cup_spec.png; sourceTree = "<group>"; };
		7A49DFDF1C60FBB600C47B8A /* cube_diff.png */ = {isa = PBXFileReference; lastKnownFileType = image.png; name = cube_diff.png; path = MobileAR/models/cube_diff.png; sourceTree = "<group>"; };
		7A49DFE01C60FBB600C47B8A /* cube_norm.png */ = {isa = PBXFileReference; lastKnownFileType = image.png; name = cube_norm.png; path = MobileAR/models/cube_norm.png; sourceTree = "<group>"; };
		7A49DFE11C60FBB600C47B8A /* cube_spec.png */ = {isa = PBXFileReference; lastKnownFileType = image.png; name = cube_spec.png; path = MobileAR/models/cube_spec.png; sourceTree = "<group>"; };
		7A49DFE21C60FBB600C47B8A /* cube.obj */ = {isa = PBXFileReference; fileEncoding = 4; lastKnownFileType = text; name = cube.obj; path = MobileAR/models/cube.obj; sourceTree = "<group>"; };
		7A57C5441CB51E77008F7F35 /* KalmanFilter.h */ = {isa = PBXFileReference; fileEncoding = 4; lastKnownFileType = sourcecode.c.h; name = KalmanFilter.h; path = ar/KalmanFilter.h; sourceTree = "<group>"; };
		7A5B46A71BCF1A58003F87BE /* AVFoundation.framework */ = {isa = PBXFileReference; lastKnownFileType = wrapper.framework; name = AVFoundation.framework; path = System/Library/Frameworks/AVFoundation.framework; sourceTree = SDKROOT; };
		7A5B46A91BCF2247003F87BE /* CoreMedia.framework */ = {isa = PBXFileReference; lastKnownFileType = wrapper.framework; name = CoreMedia.framework; path = System/Library/Frameworks/CoreMedia.framework; sourceTree = SDKROOT; };
		7A5B46AD1BCFAB1D003F87BE /* MetalKit.framework */ = {isa = PBXFileReference; lastKnownFileType = wrapper.framework; name = MetalKit.framework; path = System/Library/Frameworks/MetalKit.framework; sourceTree = SDKROOT; };
		7A62D67A1C9B881900BE42C8 /* ARFXAA.metal */ = {isa = PBXFileReference; fileEncoding = 4; lastKnownFileType = sourcecode.metal; path = ARFXAA.metal; sourceTree = "<group>"; };
		7A62D67C1C9B887C00BE42C8 /* ARLighting.metal */ = {isa = PBXFileReference; fileEncoding = 4; lastKnownFileType = sourcecode.metal; path = ARLighting.metal; sourceTree = "<group>"; };
		7A62D67E1C9B889300BE42C8 /* ARSSAO.metal */ = {isa = PBXFileReference; fileEncoding = 4; lastKnownFileType = sourcecode.metal; path = ARSSAO.metal; sourceTree = "<group>"; };
		7A6B81F51CA29B9700D339AE /* libboost.a */ = {isa = PBXFileReference; lastKnownFileType = archive.ar; name = libboost.a; path = ../../ofxiOSBoost/libs/boost/ios/libboost.a; sourceTree = "<group>"; };
		7A7093021CC639BE003D6742 /* ARQuaternion.swift */ = {isa = PBXFileReference; fileEncoding = 4; lastKnownFileType = sourcecode.swift; path = ARQuaternion.swift; sourceTree = "<group>"; };
		7A78BE471CA1C5BD000EBBAE /* opencv2.framework */ = {isa = PBXFileReference; lastKnownFileType = wrapper.framework; name = opencv2.framework; path = ../../../../../usr/local/Frameworks/opencv2.framework; sourceTree = "<group>"; };
		7A7B3C871C62D5E200D843B7 /* ARHDRCamera.swift */ = {isa = PBXFileReference; fileEncoding = 4; lastKnownFileType = sourcecode.swift; path = ARHDRCamera.swift; sourceTree = "<group>"; };
		7A9E91881C6A091100C52C68 /* ARPoseTracker.h */ = {isa = PBXFileReference; fileEncoding = 4; lastKnownFileType = sourcecode.c.h; path = ARPoseTracker.h; sourceTree = "<group>"; };
		7AC9F6111C5E7BF100AF86BC /* cup.obj */ = {isa = PBXFileReference; fileEncoding = 4; lastKnownFileType = text; name = cup.obj; path = MobileAR/models/cup.obj; sourceTree = "<group>"; };
		7AEBBCF81C5E8F0C00DD4FAD /* ARLight.swift */ = {isa = PBXFileReference; fileEncoding = 4; lastKnownFileType = sourcecode.swift; path = ARLight.swift; sourceTree = "<group>"; };
		7AFCF8381BCE40CB00A108F9 /* MobileAR.app */ = {isa = PBXFileReference; explicitFileType = wrapper.application; includeInIndex = 0; path = MobileAR.app; sourceTree = BUILT_PRODUCTS_DIR; };
		7AFCF8471BCE40CB00A108F9 /* Assets.xcassets */ = {isa = PBXFileReference; lastKnownFileType = folder.assetcatalog; path = Assets.xcassets; sourceTree = "<group>"; };
		7AFCF84C1BCE40CB00A108F9 /* Info.plist */ = {isa = PBXFileReference; lastKnownFileType = text.plist.xml; path = Info.plist; sourceTree = "<group>"; };
		C13F805F9FDFCD673FF1121C /* ARMesh.swift */ = {isa = PBXFileReference; fileEncoding = 4; lastKnownFileType = sourcecode.swift; path = ARMesh.swift; sourceTree = "<group>"; };
		C13F80C8A2ABC20DE423A74C /* AREnvironmentBuilder.mm */ = {isa = PBXFileReference; fileEncoding = 4; lastKnownFileType = sourcecode.cpp.objcpp; path = AREnvironmentBuilder.mm; sourceTree = "<group>"; };
		C13F80FE6B3B6F2AE0E31570 /* MedianCutSampler.h */ = {isa = PBXFileReference; fileEncoding = 4; lastKnownFileType = sourcecode.c.h; name = MedianCutSampler.h; path = ar/MedianCutSampler.h; sourceTree = "<group>"; };
		C13F8122CE1435E12E5EA7C5 /* ARParams.h */ = {isa = PBXFileReference; fileEncoding = 4; lastKnownFileType = sourcecode.c.h; path = ARParams.h; sourceTree = "<group>"; };
		C13F813B6165E227B70C96C7 /* AREnvironmentViewRenderer.swift */ = {isa = PBXFileReference; fileEncoding = 4; lastKnownFileType = sourcecode.swift; path = AREnvironmentViewRenderer.swift; sourceTree = "<group>"; };
		C13F81F38B539629D86DBBCB /* AREnvironment.swift */ = {isa = PBXFileReference; fileEncoding = 4; lastKnownFileType = sourcecode.swift; path = AREnvironment.swift; sourceTree = "<group>"; };
		C13F83205E36D9313B0C5705 /* PhotoSphereBuilder.cpp */ = {isa = PBXFileReference; fileEncoding = 4; lastKnownFileType = sourcecode.cpp.cpp; name = PhotoSphereBuilder.cpp; path = ar/PhotoSphereBuilder.cpp; sourceTree = "<group>"; };
		C13F8336ED5C5246986DFBC5 /* ARCamera.swift */ = {isa = PBXFileReference; fileEncoding = 4; lastKnownFileType = sourcecode.swift; path = ARCamera.swift; sourceTree = "<group>"; };
		C13F847015773B636A11DF21 /* AREnvironment.metal */ = {isa = PBXFileReference; fileEncoding = 4; lastKnownFileType = sourcecode.metal; path = AREnvironment.metal; sourceTree = "<group>"; };
		C13F8476C472F0C2A4F86A4B /* ARMarkerPoseTracker.mm */ = {isa = PBXFileReference; fileEncoding = 4; lastKnownFileType = sourcecode.cpp.objcpp; path = ARMarkerPoseTracker.mm; sourceTree = "<group>"; };
		C13F8477F9F0B9CA942914D5 /* ARCalibrator.h */ = {isa = PBXFileReference; fileEncoding = 4; lastKnownFileType = sourcecode.c.h; path = ARCalibrator.h; sourceTree = "<group>"; };
		C13F850743FA3DD255216D0A /* ARParameters.swift */ = {isa = PBXFileReference; fileEncoding = 4; lastKnownFileType = sourcecode.swift; path = ARParameters.swift; sourceTree = "<group>"; };
		C13F85C9D9D52C8EBB2DDBCC /* UIImage+MTLTexture.h */ = {isa = PBXFileReference; fileEncoding = 4; lastKnownFileType = sourcecode.c.h; path = "UIImage+MTLTexture.h"; sourceTree = "<group>"; };
		C13F8671F134CD5EC313C960 /* ARLightProbeSampler.h */ = {isa = PBXFileReference; fileEncoding = 4; lastKnownFileType = sourcecode.c.h; path = ARLightProbeSampler.h; sourceTree = "<group>"; };
		C13F86B2B5B85BE1365D2D33 /* ARSceneViewController.swift */ = {isa = PBXFileReference; fileEncoding = 4; lastKnownFileType = sourcecode.swift; path = ARSceneViewController.swift; sourceTree = "<group>"; };
		C13F86DB5D164F37984285F8 /* UIImage+cvMat.h */ = {isa = PBXFileReference; fileEncoding = 4; lastKnownFileType = sourcecode.c.h; path = "UIImage+cvMat.h"; sourceTree = "<group>"; };
		C13F8719222268FFF85FDECB /* AREnvironmentBuilder.h */ = {isa = PBXFileReference; fileEncoding = 4; lastKnownFileType = sourcecode.c.h; path = AREnvironmentBuilder.h; sourceTree = "<group>"; };
		C13F871F4C5B63CE995729F5 /* ARSlamPoseTracker.h */ = {isa = PBXFileReference; fileEncoding = 4; lastKnownFileType = sourcecode.c.h; path = ARSlamPoseTracker.h; sourceTree = "<group>"; };
		C13F872B33A5DF135A8C5C15 /* ARRenderer.swift */ = {isa = PBXFileReference; fileEncoding = 4; lastKnownFileType = sourcecode.swift; path = ARRenderer.swift; sourceTree = "<group>"; };
		C13F879F0B032ECFC39BCFDE /* ARObject.swift */ = {isa = PBXFileReference; fileEncoding = 4; lastKnownFileType = sourcecode.swift; path = ARObject.swift; sourceTree = "<group>"; };
		C13F87AF09D79753A79B4B45 /* MedianCutSampler.cpp */ = {isa = PBXFileReference; fileEncoding = 4; lastKnownFileType = sourcecode.cpp.cpp; name = MedianCutSampler.cpp; path = ar/MedianCutSampler.cpp; sourceTree = "<group>"; };
		C13F88C686AAE8A50096E0AE /* ARParametersViewController.swift */ = {isa = PBXFileReference; fileEncoding = 4; lastKnownFileType = sourcecode.swift; path = ARParametersViewController.swift; sourceTree = "<group>"; };
		C13F89E4952DA243444FDE06 /* ARLightProbeSampler.mm */ = {isa = PBXFileReference; fileEncoding = 4; lastKnownFileType = sourcecode.cpp.objcpp; path = ARLightProbeSampler.mm; sourceTree = "<group>"; };
		C13F8ACBD08B6BB368F59ED9 /* AREnvironmentViewController.swift */ = {isa = PBXFileReference; fileEncoding = 4; lastKnownFileType = sourcecode.swift; path = AREnvironmentViewController.swift; sourceTree = "<group>"; };
		C13F8AD6D3544A89CEDE498B /* ARCalibrator.mm */ = {isa = PBXFileReference; fileEncoding = 4; lastKnownFileType = sourcecode.cpp.objcpp; path = ARCalibrator.mm; sourceTree = "<group>"; };
		C13F8AF063046F657FBA2F41 /* VarianceCutSampler.cpp */ = {isa = PBXFileReference; fileEncoding = 4; lastKnownFileType = sourcecode.cpp.cpp; name = VarianceCutSampler.cpp; path = ar/VarianceCutSampler.cpp; sourceTree = "<group>"; };
		C13F8B00F4033A39182CAF94 /* AREnvironmentCaptureController.swift */ = {isa = PBXFileReference; fileEncoding = 4; lastKnownFileType = sourcecode.swift; path = AREnvironmentCaptureController.swift; sourceTree = "<group>"; };
		C13F8B19027A11598919DBE2 /* ARPostFX.metal */ = {isa = PBXFileReference; fileEncoding = 4; lastKnownFileType = sourcecode.metal; path = ARPostFX.metal; sourceTree = "<group>"; };
		C13F8B98261588D0EC7551E5 /* ARMarkerPoseTracker.h */ = {isa = PBXFileReference; fileEncoding = 4; lastKnownFileType = sourcecode.c.h; path = ARMarkerPoseTracker.h; sourceTree = "<group>"; };
		C13F8BBCDA1335F81A093177 /* ARSceneRenderer.swift */ = {isa = PBXFileReference; fileEncoding = 4; lastKnownFileType = sourcecode.swift; path = ARSceneRenderer.swift; sourceTree = "<group>"; };
		C13F8C3B49A39FD13AC34AE3 /* ARPose.swift */ = {isa = PBXFileReference; fileEncoding = 4; lastKnownFileType = sourcecode.swift; path = ARPose.swift; sourceTree = "<group>"; };
		C13F8C65C26D8B7CB74A066B /* AREnvironmentListController.swift */ = {isa = PBXFileReference; fileEncoding = 4; lastKnownFileType = sourcecode.swift; path = AREnvironmentListController.swift; sourceTree = "<group>"; };
		C13F8CDBEC9991947940753F /* ARBridgingHeader.h */ = {isa = PBXFileReference; fileEncoding = 4; lastKnownFileType = sourcecode.c.h; path = ARBridgingHeader.h; sourceTree = "<group>"; };
		C13F8CE8241A1256290EF954 /* UIImage+MTLTexture.mm */ = {isa = PBXFileReference; fileEncoding = 4; lastKnownFileType = sourcecode.cpp.objcpp; path = "UIImage+MTLTexture.mm"; sourceTree = "<group>"; };
		C13F8D450FF34AE29001A8A2 /* ARDemoPoseTracker.swift */ = {isa = PBXFileReference; fileEncoding = 4; lastKnownFileType = sourcecode.swift; path = ARDemoPoseTracker.swift; sourceTree = "<group>"; };
		C13F8DAF8EBDD0C4C7F91DCF /* ARAppDelegate.swift */ = {isa = PBXFileReference; fileEncoding = 4; lastKnownFileType = sourcecode.swift; path = ARAppDelegate.swift; sourceTree = "<group>"; };
		C13F8DF99955090111513222 /* UIImage+cvMat.mm */ = {isa = PBXFileReference; fileEncoding = 4; lastKnownFileType = sourcecode.cpp.objcpp; path = "UIImage+cvMat.mm"; sourceTree = "<group>"; };
		C13F8E7AB65F2B19C88A7050 /* VarianceCutSampler.h */ = {isa = PBXFileReference; fileEncoding = 4; lastKnownFileType = sourcecode.c.h; name = VarianceCutSampler.h; path = ar/VarianceCutSampler.h; sourceTree = "<group>"; };
		C13F8F06BFBB22987C893E2E /* ARCalibrateController.swift */ = {isa = PBXFileReference; fileEncoding = 4; lastKnownFileType = sourcecode.swift; path = ARCalibrateController.swift; sourceTree = "<group>"; };
		C13F8F8FABC50146C2501D78 /* ARSlamPoseTracker.mm */ = {isa = PBXFileReference; fileEncoding = 4; lastKnownFileType = sourcecode.cpp.objcpp; path = ARSlamPoseTracker.mm; sourceTree = "<group>"; };
		C13F8FA8928E90CB2384D35B /* PhotoSphereBuilder.h */ = {isa = PBXFileReference; fileEncoding = 4; lastKnownFileType = sourcecode.c.h; name = PhotoSphereBuilder.h; path = ar/PhotoSphereBuilder.h; sourceTree = "<group>"; };
/* End PBXFileReference section */

/* Begin PBXFrameworksBuildPhase section */
		7AFCF8351BCE40CB00A108F9 /* Frameworks */ = {
			isa = PBXFrameworksBuildPhase;
			buildActionMask = 2147483647;
			files = (
				7A6B81F61CA29B9700D339AE /* libboost.a in Frameworks */,
				7A255CBD1CA1F277005D120A /* liblsd.a in Frameworks */,
				7A78BE481CA1C5BD000EBBAE /* opencv2.framework in Frameworks */,
				7A5B46AA1BCF2247003F87BE /* CoreMedia.framework in Frameworks */,
				7A5B46A81BCF1A58003F87BE /* AVFoundation.framework in Frameworks */,
			);
			runOnlyForDeploymentPostprocessing = 0;
		};
/* End PBXFrameworksBuildPhase section */

/* Begin PBXGroup section */
		7A3F5D981C5D1A240044F6FC /* models */ = {
			isa = PBXGroup;
			children = (
				7A49DFDF1C60FBB600C47B8A /* cube_diff.png */,
				7A49DFE01C60FBB600C47B8A /* cube_norm.png */,
				7A49DFE11C60FBB600C47B8A /* cube_spec.png */,
				7A49DFE21C60FBB600C47B8A /* cube.obj */,
				7A49DFD91C604F9E00C47B8A /* cup_diff.png */,
				7A49DFDA1C604F9E00C47B8A /* cup_norm.png */,
				7A49DFDB1C604F9E00C47B8A /* cup_spec.png */,
				7AC9F6111C5E7BF100AF86BC /* cup.obj */,
			);
			name = models;
			path = ..;
			sourceTree = "<group>";
		};
		7AFCF82F1BCE40CB00A108F9 = {
			isa = PBXGroup;
			children = (
				7A6B81F51CA29B9700D339AE /* libboost.a */,
				7A255CBC1CA1F277005D120A /* liblsd.a */,
				7A78BE471CA1C5BD000EBBAE /* opencv2.framework */,
				7A5B46AD1BCFAB1D003F87BE /* MetalKit.framework */,
				7A5B46A91BCF2247003F87BE /* CoreMedia.framework */,
				7A5B46A71BCF1A58003F87BE /* AVFoundation.framework */,
				7AFCF83A1BCE40CB00A108F9 /* MobileAR */,
				7AFCF8391BCE40CB00A108F9 /* Products */,
			);
			sourceTree = "<group>";
		};
		7AFCF8391BCE40CB00A108F9 /* Products */ = {
			isa = PBXGroup;
			children = (
				7AFCF8381BCE40CB00A108F9 /* MobileAR.app */,
			);
			name = Products;
			sourceTree = "<group>";
		};
		7AFCF83A1BCE40CB00A108F9 /* MobileAR */ = {
			isa = PBXGroup;
			children = (
				7AFCF8471BCE40CB00A108F9 /* Assets.xcassets */,
				7A3F5D981C5D1A240044F6FC /* models */,
				C13F8CC9CCED42419FA63D42 /* views */,
				C13F8A2642DCE930150DD8E9 /* ar */,
				C13F80072DDE678D0B709A3A /* core */,
				7AFCF84C1BCE40CB00A108F9 /* Info.plist */,
				C13F8CDBEC9991947940753F /* ARBridgingHeader.h */,
				C13F8DAF8EBDD0C4C7F91DCF /* ARAppDelegate.swift */,
				C13F86DB5D164F37984285F8 /* UIImage+cvMat.h */,
				C13F8DF99955090111513222 /* UIImage+cvMat.mm */,
				C13F8CE8241A1256290EF954 /* UIImage+MTLTexture.mm */,
				C13F85C9D9D52C8EBB2DDBCC /* UIImage+MTLTexture.h */,
			);
			path = MobileAR;
			sourceTree = "<group>";
		};
		C13F80072DDE678D0B709A3A /* core */ = {
			isa = PBXGroup;
			children = (
				C13F805F9FDFCD673FF1121C /* ARMesh.swift */,
				C13F850743FA3DD255216D0A /* ARParameters.swift */,
				C13F81F38B539629D86DBBCB /* AREnvironment.swift */,
				C13F872B33A5DF135A8C5C15 /* ARRenderer.swift */,
				C13F8C3B49A39FD13AC34AE3 /* ARPose.swift */,
				7A3F5D991C5D1D010044F6FC /* ARFileReader.swift */,
				7AEBBCF81C5E8F0C00DD4FAD /* ARLight.swift */,
				C13F879F0B032ECFC39BCFDE /* ARObject.swift */,
				C13F8122CE1435E12E5EA7C5 /* ARParams.h */,
				C13F8336ED5C5246986DFBC5 /* ARCamera.swift */,
				7A7B3C871C62D5E200D843B7 /* ARHDRCamera.swift */,
				C13F89E4952DA243444FDE06 /* ARLightProbeSampler.mm */,
				C13F8671F134CD5EC313C960 /* ARLightProbeSampler.h */,
				7A7093021CC639BE003D6742 /* ARQuaternion.swift */,
			);
			path = core;
			sourceTree = "<group>";
		};
		C13F872AC7FF82A10722CE09 /* calibrator */ = {
			isa = PBXGroup;
			children = (
				C13F8477F9F0B9CA942914D5 /* ARCalibrator.h */,
				C13F8AD6D3544A89CEDE498B /* ARCalibrator.mm */,
				C13F8F06BFBB22987C893E2E /* ARCalibrateController.swift */,
				C13F88C686AAE8A50096E0AE /* ARParametersViewController.swift */,
			);
			path = calibrator;
			sourceTree = "<group>";
		};
		C13F8A2642DCE930150DD8E9 /* ar */ = {
			isa = PBXGroup;
			children = (
				7A1B7FF71CC3E8E6002184B6 /* Jet.h */,
				7A57C5441CB51E77008F7F35 /* KalmanFilter.h */,
				7A48122D1C8DB0AC00521E35 /* HDRBuilder.cpp */,
				7A48122E1C8DB0AC00521E35 /* HDRBuilder.h */,
				7A2FE8FA1C77C00F009BECCC /* Moments.h */,
				7A2FE8FB1C77DF5A009BECCC /* LightProbeSampler.cpp */,
				7A2FE8FC1C77DF5A009BECCC /* LightProbeSampler.h */,
				C13F87AF09D79753A79B4B45 /* MedianCutSampler.cpp */,
				C13F80FE6B3B6F2AE0E31570 /* MedianCutSampler.h */,
				C13F83205E36D9313B0C5705 /* PhotoSphereBuilder.cpp */,
				C13F8FA8928E90CB2384D35B /* PhotoSphereBuilder.h */,
				C13F8AF063046F657FBA2F41 /* VarianceCutSampler.cpp */,
				C13F8E7AB65F2B19C88A7050 /* VarianceCutSampler.h */,
			);
			name = ar;
			sourceTree = "<group>";
		};
		C13F8CC9CCED42419FA63D42 /* views */ = {
			isa = PBXGroup;
			children = (
				C13F8F060C4A50CF7AD97186 /* scene */,
				C13F872AC7FF82A10722CE09 /* calibrator */,
				C13F8EF6D93936DA0F0C4453 /* environment */,
			);
			path = views;
			sourceTree = "<group>";
		};
		C13F8EF6D93936DA0F0C4453 /* environment */ = {
			isa = PBXGroup;
			children = (
				C13F8B00F4033A39182CAF94 /* AREnvironmentCaptureController.swift */,
				C13F8ACBD08B6BB368F59ED9 /* AREnvironmentViewController.swift */,
				C13F8C65C26D8B7CB74A066B /* AREnvironmentListController.swift */,
				C13F813B6165E227B70C96C7 /* AREnvironmentViewRenderer.swift */,
				C13F847015773B636A11DF21 /* AREnvironment.metal */,
				C13F80C8A2ABC20DE423A74C /* AREnvironmentBuilder.mm */,
				C13F8719222268FFF85FDECB /* AREnvironmentBuilder.h */,
			);
			path = environment;
			sourceTree = "<group>";
		};
		C13F8F060C4A50CF7AD97186 /* scene */ = {
			isa = PBXGroup;
			children = (
				C13F86B2B5B85BE1365D2D33 /* ARSceneViewController.swift */,
				C13F8B98261588D0EC7551E5 /* ARMarkerPoseTracker.h */,
				C13F8476C472F0C2A4F86A4B /* ARMarkerPoseTracker.mm */,
				C13F8BBCDA1335F81A093177 /* ARSceneRenderer.swift */,
				7A1E3BB81C5962AF00E63312 /* ARMesh.metal */,
				C13F8B19027A11598919DBE2 /* ARPostFX.metal */,
				7A9E91881C6A091100C52C68 /* ARPoseTracker.h */,
				C13F8D450FF34AE29001A8A2 /* ARDemoPoseTracker.swift */,
				7A62D67A1C9B881900BE42C8 /* ARFXAA.metal */,
				7A62D67C1C9B887C00BE42C8 /* ARLighting.metal */,
				7A62D67E1C9B889300BE42C8 /* ARSSAO.metal */,
				C13F8F8FABC50146C2501D78 /* ARSlamPoseTracker.mm */,
				C13F871F4C5B63CE995729F5 /* ARSlamPoseTracker.h */,
			);
			path = scene;
			sourceTree = "<group>";
		};
/* End PBXGroup section */

/* Begin PBXNativeTarget section */
		7AFCF8371BCE40CB00A108F9 /* MobileAR */ = {
			isa = PBXNativeTarget;
			buildConfigurationList = 7AFCF84F1BCE40CB00A108F9 /* Build configuration list for PBXNativeTarget "MobileAR" */;
			buildPhases = (
				7AFCF8341BCE40CB00A108F9 /* Sources */,
				7AFCF8351BCE40CB00A108F9 /* Frameworks */,
				7AFCF8361BCE40CB00A108F9 /* Resources */,
			);
			buildRules = (
			);
			dependencies = (
			);
			name = MobileAR;
			productName = MobileAR;
			productReference = 7AFCF8381BCE40CB00A108F9 /* MobileAR.app */;
			productType = "com.apple.product-type.application";
		};
/* End PBXNativeTarget section */

/* Begin PBXProject section */
		7AFCF8301BCE40CB00A108F9 /* Project object */ = {
			isa = PBXProject;
			attributes = {
				CLASSPREFIX = "";
				LastSwiftUpdateCheck = 0720;
				LastUpgradeCheck = 0700;
				ORGANIZATIONNAME = "Imperial College London";
				TargetAttributes = {
					7AFCF8371BCE40CB00A108F9 = {
						CreatedOnToolsVersion = 7.0.1;
					};
				};
			};
			buildConfigurationList = 7AFCF8331BCE40CB00A108F9 /* Build configuration list for PBXProject "MobileAR" */;
			compatibilityVersion = "Xcode 3.2";
			developmentRegion = English;
			hasScannedForEncodings = 0;
			knownRegions = (
				en,
				Base,
			);
			mainGroup = 7AFCF82F1BCE40CB00A108F9;
			productRefGroup = 7AFCF8391BCE40CB00A108F9 /* Products */;
			projectDirPath = "";
			projectRoot = "";
			targets = (
				7AFCF8371BCE40CB00A108F9 /* MobileAR */,
			);
		};
/* End PBXProject section */

/* Begin PBXResourcesBuildPhase section */
		7AFCF8361BCE40CB00A108F9 /* Resources */ = {
			isa = PBXResourcesBuildPhase;
			buildActionMask = 2147483647;
			files = (
				7A49DFDE1C604F9E00C47B8A /* cup_spec.png in Resources */,
				7A49DFE51C60FBB600C47B8A /* cube_spec.png in Resources */,
				7A49DFE31C60FBB600C47B8A /* cube_diff.png in Resources */,
				7A49DFDD1C604F9E00C47B8A /* cup_norm.png in Resources */,
				7AC9F6121C5E7BF100AF86BC /* cup.obj in Resources */,
				7AFCF8481BCE40CB00A108F9 /* Assets.xcassets in Resources */,
				7A49DFE61C60FBB600C47B8A /* cube.obj in Resources */,
				7A49DFE41C60FBB600C47B8A /* cube_norm.png in Resources */,
				7A49DFDC1C604F9E00C47B8A /* cup_diff.png in Resources */,
			);
			runOnlyForDeploymentPostprocessing = 0;
		};
/* End PBXResourcesBuildPhase section */

/* Begin PBXSourcesBuildPhase section */
		7AFCF8341BCE40CB00A108F9 /* Sources */ = {
			isa = PBXSourcesBuildPhase;
			buildActionMask = 2147483647;
			files = (
				7A7093031CC639BE003D6742 /* ARQuaternion.swift in Sources */,
				C13F845C0484D71FD4CEC8C8 /* MedianCutSampler.cpp in Sources */,
				7A3F5D9A1C5D1D010044F6FC /* ARFileReader.swift in Sources */,
				C13F815F06C2347ED7E8731C /* PhotoSphereBuilder.cpp in Sources */,
				C13F80C0886DF2EF0DF14E40 /* VarianceCutSampler.cpp in Sources */,
				7A2FE8FD1C77DF5A009BECCC /* LightProbeSampler.cpp in Sources */,
				7A7B3C881C62D5E200D843B7 /* ARHDRCamera.swift in Sources */,
				C13F88BCD2DB5F614F066137 /* ARAppDelegate.swift in Sources */,
				C13F80202E2E4BB0701AA1BB /* ARParameters.swift in Sources */,
				C13F85B0A2D9C29A9765B5E9 /* AREnvironment.swift in Sources */,
				C13F875D61FE475D5A12851E /* ARCamera.swift in Sources */,
				C13F89B716D272A8E7FB753A /* ARCalibrator.mm in Sources */,
				C13F8EC72C77C8E5EAE1D201 /* ARRenderer.swift in Sources */,
				C13F8F30393D3043002256F5 /* UIImage+cvMat.mm in Sources */,
				C13F82760C73FAEF9669526F /* ARCalibrateController.swift in Sources */,
				7A62D67D1C9B887C00BE42C8 /* ARLighting.metal in Sources */,
				C13F8E421E67F5ED13FF349B /* ARSceneViewController.swift in Sources */,
				C13F8EDD9DE8863D980351CC /* ARParametersViewController.swift in Sources */,
				C13F83151836377392660EB1 /* AREnvironmentCaptureController.swift in Sources */,
				C13F86C929B9293243D5D9C1 /* AREnvironmentViewController.swift in Sources */,
				C13F8F65B70AFD4AACB467B9 /* AREnvironmentListController.swift in Sources */,
				C13F8D0C83BDCBAC09944968 /* AREnvironmentViewRenderer.swift in Sources */,
				7A62D67F1C9B889300BE42C8 /* ARSSAO.metal in Sources */,
				7AEBBCF91C5E8F0C00DD4FAD /* ARLight.swift in Sources */,
				C13F82006DA8B43D435FEE39 /* AREnvironment.metal in Sources */,
				C13F85F7CDF965ACFD469767 /* ARMarkerPoseTracker.mm in Sources */,
				C13F8E2F102AE440F08587BA /* ARPose.swift in Sources */,
				C13F8471FB56C1D1286409A8 /* ARSceneRenderer.swift in Sources */,
				C13F8922F94928E19AF4B060 /* ARMesh.swift in Sources */,
				7A1E3BB91C5962AF00E63312 /* ARMesh.metal in Sources */,
				C13F8B380DB34555FEECAABB /* UIImage+MTLTexture.mm in Sources */,
				7A48122F1C8DB0AC00521E35 /* HDRBuilder.cpp in Sources */,
				C13F89111BD3F1F1FC03D84D /* ARPostFX.metal in Sources */,
				C13F8C886918E43EBB1E4A6F /* ARObject.swift in Sources */,
				C13F87C7A162442BE302226F /* AREnvironmentBuilder.mm in Sources */,
				7A62D67B1C9B881900BE42C8 /* ARFXAA.metal in Sources */,
				C13F84FB9F32C57887CC6362 /* ARLightProbeSampler.mm in Sources */,
				C13F8955820B5D1446EA96FD /* ARDemoPoseTracker.swift in Sources */,
				C13F8EDE948538A50F0D75EE /* ARSlamPoseTracker.mm in Sources */,
			);
			runOnlyForDeploymentPostprocessing = 0;
		};
/* End PBXSourcesBuildPhase section */

/* Begin XCBuildConfiguration section */
		7AFCF84D1BCE40CB00A108F9 /* Debug */ = {
			isa = XCBuildConfiguration;
			buildSettings = {
				ALWAYS_SEARCH_USER_PATHS = NO;
				CLANG_CXX_LANGUAGE_STANDARD = "gnu++0x";
				CLANG_CXX_LIBRARY = "libc++";
				CLANG_ENABLE_MODULES = YES;
				CLANG_ENABLE_OBJC_ARC = YES;
				CLANG_WARN_BOOL_CONVERSION = YES;
				CLANG_WARN_CONSTANT_CONVERSION = YES;
				CLANG_WARN_DIRECT_OBJC_ISA_USAGE = YES_ERROR;
				CLANG_WARN_EMPTY_BODY = YES;
				CLANG_WARN_ENUM_CONVERSION = YES;
				CLANG_WARN_INT_CONVERSION = YES;
				CLANG_WARN_OBJC_ROOT_CLASS = YES_ERROR;
				CLANG_WARN_UNREACHABLE_CODE = YES;
				CLANG_WARN__DUPLICATE_METHOD_MATCH = YES;
				"CODE_SIGN_IDENTITY[sdk=iphoneos*]" = "iPhone Developer";
				COPY_PHASE_STRIP = NO;
				DEBUG_INFORMATION_FORMAT = dwarf;
				ENABLE_STRICT_OBJC_MSGSEND = YES;
				ENABLE_TESTABILITY = YES;
				GCC_C_LANGUAGE_STANDARD = gnu99;
				GCC_DYNAMIC_NO_PIC = NO;
				GCC_NO_COMMON_BLOCKS = YES;
				GCC_OPTIMIZATION_LEVEL = 0;
				GCC_PREPROCESSOR_DEFINITIONS = (
					"DEBUG=1",
					"$(inherited)",
				);
				GCC_WARN_64_TO_32_BIT_CONVERSION = YES;
				GCC_WARN_ABOUT_RETURN_TYPE = YES_ERROR;
				GCC_WARN_UNDECLARED_SELECTOR = YES;
				GCC_WARN_UNINITIALIZED_AUTOS = YES_AGGRESSIVE;
				GCC_WARN_UNUSED_FUNCTION = YES;
				GCC_WARN_UNUSED_VARIABLE = YES;
				IPHONEOS_DEPLOYMENT_TARGET = 9.0;
				MTL_ENABLE_DEBUG_INFO = YES;
				ONLY_ACTIVE_ARCH = YES;
				SDKROOT = iphoneos;
				TARGETED_DEVICE_FAMILY = "1,2";
			};
			name = Debug;
		};
		7AFCF84E1BCE40CB00A108F9 /* Release */ = {
			isa = XCBuildConfiguration;
			buildSettings = {
				ALWAYS_SEARCH_USER_PATHS = NO;
				CLANG_CXX_LANGUAGE_STANDARD = "gnu++0x";
				CLANG_CXX_LIBRARY = "libc++";
				CLANG_ENABLE_MODULES = YES;
				CLANG_ENABLE_OBJC_ARC = YES;
				CLANG_WARN_BOOL_CONVERSION = YES;
				CLANG_WARN_CONSTANT_CONVERSION = YES;
				CLANG_WARN_DIRECT_OBJC_ISA_USAGE = YES_ERROR;
				CLANG_WARN_EMPTY_BODY = YES;
				CLANG_WARN_ENUM_CONVERSION = YES;
				CLANG_WARN_INT_CONVERSION = YES;
				CLANG_WARN_OBJC_ROOT_CLASS = YES_ERROR;
				CLANG_WARN_UNREACHABLE_CODE = YES;
				CLANG_WARN__DUPLICATE_METHOD_MATCH = YES;
				"CODE_SIGN_IDENTITY[sdk=iphoneos*]" = "iPhone Developer";
				COPY_PHASE_STRIP = NO;
				DEBUG_INFORMATION_FORMAT = "dwarf-with-dsym";
				ENABLE_NS_ASSERTIONS = NO;
				ENABLE_STRICT_OBJC_MSGSEND = YES;
				GCC_C_LANGUAGE_STANDARD = gnu99;
				GCC_NO_COMMON_BLOCKS = YES;
				GCC_WARN_64_TO_32_BIT_CONVERSION = YES;
				GCC_WARN_ABOUT_RETURN_TYPE = YES_ERROR;
				GCC_WARN_UNDECLARED_SELECTOR = YES;
				GCC_WARN_UNINITIALIZED_AUTOS = YES_AGGRESSIVE;
				GCC_WARN_UNUSED_FUNCTION = YES;
				GCC_WARN_UNUSED_VARIABLE = YES;
				IPHONEOS_DEPLOYMENT_TARGET = 9.0;
				MTL_ENABLE_DEBUG_INFO = NO;
				SDKROOT = iphoneos;
				TARGETED_DEVICE_FAMILY = "1,2";
				VALIDATE_PRODUCT = YES;
			};
			name = Release;
		};
		7AFCF8501BCE40CB00A108F9 /* Debug */ = {
			isa = XCBuildConfiguration;
			buildSettings = {
				ALWAYS_SEARCH_USER_PATHS = YES;
				ASSETCATALOG_COMPILER_APPICON_NAME = AppIcon;
				ASSETCATALOG_COMPILER_LAUNCHIMAGE_NAME = LaunchImage;
				CLANG_CXX_LANGUAGE_STANDARD = "c++14";
				CLANG_ENABLE_MODULES = YES;
				ENABLE_BITCODE = NO;
				FRAMEWORK_SEARCH_PATHS = (
					"$(inherited)",
					/usr/local/Frameworks,
				);
				GCC_C_LANGUAGE_STANDARD = c11;
				HEADER_SEARCH_PATHS = (
					./MobileAR/,
					/usr/local/include/eigen3,
					../lsd/,
					../lsd/lsd,
					/Users/nandor/Projects/ofxiOSBoost/libs/boost/include,
				);
				INFOPLIST_FILE = MobileAR/Info.plist;
				IPHONEOS_DEPLOYMENT_TARGET = 9.2;
				LD_RUNPATH_SEARCH_PATHS = "$(inherited) @executable_path/Frameworks";
				LIBRARY_SEARCH_PATHS = /Users/nandor/Projects/ofxiOSBoost/libs/boost/ios;
				MTL_FAST_MATH = YES;
				MTL_HEADER_SEARCH_PATHS = MobileAR/core;
				MTL_LANGUAGE_REVISION = Metal11;
				PRODUCT_BUNDLE_IDENTIFIER = "uk.ac.ic---build-git--classes--arc-diff.MobileAR";
				PRODUCT_NAME = "$(TARGET_NAME)";
				SWIFT_OBJC_BRIDGING_HEADER = MobileAR/ARBridgingHeader.h;
				SWIFT_OPTIMIZATION_LEVEL = "-Onone";
			};
			name = Debug;
		};
		7AFCF8511BCE40CB00A108F9 /* Release */ = {
			isa = XCBuildConfiguration;
			buildSettings = {
				ALWAYS_SEARCH_USER_PATHS = YES;
				ASSETCATALOG_COMPILER_APPICON_NAME = AppIcon;
				ASSETCATALOG_COMPILER_LAUNCHIMAGE_NAME = LaunchImage;
				CLANG_CXX_LANGUAGE_STANDARD = "c++14";
				CLANG_ENABLE_MODULES = YES;
				ENABLE_BITCODE = NO;
				FRAMEWORK_SEARCH_PATHS = (
					"$(inherited)",
					/usr/local/Frameworks,
				);
				GCC_C_LANGUAGE_STANDARD = c11;
				HEADER_SEARCH_PATHS = (
					./MobileAR/,
					/usr/local/include/eigen3,
					../lsd/,
					../lsd/lsd,
					/Users/nandor/Projects/ofxiOSBoost/libs/boost/include,
				);
				INFOPLIST_FILE = MobileAR/Info.plist;
				IPHONEOS_DEPLOYMENT_TARGET = 9.2;
				LD_RUNPATH_SEARCH_PATHS = "$(inherited) @executable_path/Frameworks";
				LIBRARY_SEARCH_PATHS = /Users/nandor/Projects/ofxiOSBoost/libs/boost/ios;
				MTL_FAST_MATH = YES;
				MTL_HEADER_SEARCH_PATHS = MobileAR/core;
				MTL_LANGUAGE_REVISION = Metal11;
				PRODUCT_BUNDLE_IDENTIFIER = "uk.ac.ic---build-git--classes--arc-diff.MobileAR";
				PRODUCT_NAME = "$(TARGET_NAME)";
				SWIFT_OBJC_BRIDGING_HEADER = MobileAR/ARBridgingHeader.h;
			};
			name = Release;
		};
/* End XCBuildConfiguration section */

/* Begin XCConfigurationList section */
		7AFCF8331BCE40CB00A108F9 /* Build configuration list for PBXProject "MobileAR" */ = {
			isa = XCConfigurationList;
			buildConfigurations = (
				7AFCF84D1BCE40CB00A108F9 /* Debug */,
				7AFCF84E1BCE40CB00A108F9 /* Release */,
			);
			defaultConfigurationIsVisible = 0;
			defaultConfigurationName = Release;
		};
		7AFCF84F1BCE40CB00A108F9 /* Build configuration list for PBXNativeTarget "MobileAR" */ = {
			isa = XCConfigurationList;
			buildConfigurations = (
				7AFCF8501BCE40CB00A108F9 /* Debug */,
				7AFCF8511BCE40CB00A108F9 /* Release */,
			);
			defaultConfigurationIsVisible = 0;
			defaultConfigurationName = Release;
		};
/* End XCConfigurationList section */
	};
	rootObject = 7AFCF8301BCE40CB00A108F9 /* Project object */;
}
