// !$*UTF8*$!
{
	archiveVersion = 1;
	classes = {
	};
	objectVersion = 46;
	objects = {

/* Begin PBXBuildFile section */
		7A5B46A11BCF163B003F87BE /* ARMainViewController.mm in Sources */ = {isa = PBXBuildFile; fileRef = 7A5B469F1BCF163B003F87BE /* ARMainViewController.mm */; };
		7A5B46A41BCF169F003F87BE /* ARAppDelegate.mm in Sources */ = {isa = PBXBuildFile; fileRef = 7A5B46A31BCF169F003F87BE /* ARAppDelegate.mm */; };
		7A5B46A81BCF1A58003F87BE /* AVFoundation.framework in Frameworks */ = {isa = PBXBuildFile; fileRef = 7A5B46A71BCF1A58003F87BE /* AVFoundation.framework */; };
		7A5B46AA1BCF2247003F87BE /* CoreMedia.framework in Frameworks */ = {isa = PBXBuildFile; fileRef = 7A5B46A91BCF2247003F87BE /* CoreMedia.framework */; };
		7A5B46AC1BCFA8F2003F87BE /* ARShader.metal in Sources */ = {isa = PBXBuildFile; fileRef = 7A5B46AB1BCFA8F2003F87BE /* ARShader.metal */; };
		7A5B46B01BCFBB83003F87BE /* opencv2.framework in Frameworks */ = {isa = PBXBuildFile; fileRef = 7A5B46AF1BCFBB83003F87BE /* opencv2.framework */; };
		7A5B46B31BCFBBE1003F87BE /* Default-568h@2x.png in Resources */ = {isa = PBXBuildFile; fileRef = 7A5B46B21BCFBBE1003F87BE /* Default-568h@2x.png */; };
		7A5B46B51BCFBC03003F87BE /* UIImage+cvMat.mm in Sources */ = {isa = PBXBuildFile; fileRef = 7A5B46B41BCFBC03003F87BE /* UIImage+cvMat.mm */; };
		7AE9AB681BE167FA00F30DC5 /* ARRenderer.mm in Sources */ = {isa = PBXBuildFile; fileRef = 7AE9AB671BE167FA00F30DC5 /* ARRenderer.mm */; };
		7AE9AB6D1BE16F8400F30DC5 /* ARCamera.mm in Sources */ = {isa = PBXBuildFile; fileRef = 7AE9AB6C1BE16F8400F30DC5 /* ARCamera.mm */; };
		7AE9AB721BE17AEE00F30DC5 /* ARMainView.mm in Sources */ = {isa = PBXBuildFile; fileRef = 7AE9AB711BE17AEE00F30DC5 /* ARMainView.mm */; };
		7AE9AB771BE2962500F30DC5 /* ARObject.mm in Sources */ = {isa = PBXBuildFile; fileRef = 7AE9AB761BE2962500F30DC5 /* ARObject.mm */; };
		7AFCF83D1BCE40CB00A108F9 /* main.m in Sources */ = {isa = PBXBuildFile; fileRef = 7AFCF83C1BCE40CB00A108F9 /* main.m */; };
		7AFCF8481BCE40CB00A108F9 /* Assets.xcassets in Resources */ = {isa = PBXBuildFile; fileRef = 7AFCF8471BCE40CB00A108F9 /* Assets.xcassets */; };
/* End PBXBuildFile section */

/* Begin PBXFileReference section */
		7A5B469F1BCF163B003F87BE /* ARMainViewController.mm */ = {isa = PBXFileReference; fileEncoding = 4; lastKnownFileType = sourcecode.cpp.objcpp; path = ARMainViewController.mm; sourceTree = "<group>"; };
		7A5B46A21BCF169F003F87BE /* ARAppDelegate.h */ = {isa = PBXFileReference; fileEncoding = 4; lastKnownFileType = sourcecode.c.h; path = ARAppDelegate.h; sourceTree = "<group>"; };
		7A5B46A31BCF169F003F87BE /* ARAppDelegate.mm */ = {isa = PBXFileReference; fileEncoding = 4; lastKnownFileType = sourcecode.cpp.objcpp; path = ARAppDelegate.mm; sourceTree = "<group>"; };
		7A5B46A71BCF1A58003F87BE /* AVFoundation.framework */ = {isa = PBXFileReference; lastKnownFileType = wrapper.framework; name = AVFoundation.framework; path = System/Library/Frameworks/AVFoundation.framework; sourceTree = SDKROOT; };
		7A5B46A91BCF2247003F87BE /* CoreMedia.framework */ = {isa = PBXFileReference; lastKnownFileType = wrapper.framework; name = CoreMedia.framework; path = System/Library/Frameworks/CoreMedia.framework; sourceTree = SDKROOT; };
		7A5B46AB1BCFA8F2003F87BE /* ARShader.metal */ = {isa = PBXFileReference; fileEncoding = 4; lastKnownFileType = sourcecode.metal; path = ARShader.metal; sourceTree = "<group>"; };
		7A5B46AD1BCFAB1D003F87BE /* MetalKit.framework */ = {isa = PBXFileReference; lastKnownFileType = wrapper.framework; name = MetalKit.framework; path = System/Library/Frameworks/MetalKit.framework; sourceTree = SDKROOT; };
		7A5B46AF1BCFBB83003F87BE /* opencv2.framework */ = {isa = PBXFileReference; lastKnownFileType = wrapper.framework; name = opencv2.framework; path = ../../../../usr/local/Frameworks/opencv2.framework; sourceTree = "<group>"; };
		7A5B46B11BCFBBA1003F87BE /* UIImage+cvMat.h */ = {isa = PBXFileReference; lastKnownFileType = sourcecode.c.h; path = "UIImage+cvMat.h"; sourceTree = "<group>"; };
		7A5B46B21BCFBBE1003F87BE /* Default-568h@2x.png */ = {isa = PBXFileReference; lastKnownFileType = image.png; path = "Default-568h@2x.png"; sourceTree = "<group>"; };
		7A5B46B41BCFBC03003F87BE /* UIImage+cvMat.mm */ = {isa = PBXFileReference; fileEncoding = 4; lastKnownFileType = sourcecode.cpp.objcpp; path = "UIImage+cvMat.mm"; sourceTree = "<group>"; };
		7AE9AB641BE167CE00F30DC5 /* ARRenderer.h */ = {isa = PBXFileReference; fileEncoding = 4; lastKnownFileType = sourcecode.c.h; path = ARRenderer.h; sourceTree = "<group>"; };
		7AE9AB671BE167FA00F30DC5 /* ARRenderer.mm */ = {isa = PBXFileReference; fileEncoding = 4; lastKnownFileType = sourcecode.cpp.objcpp; path = ARRenderer.mm; sourceTree = "<group>"; };
		7AE9AB691BE16F1300F30DC5 /* ARCamera.h */ = {isa = PBXFileReference; fileEncoding = 4; lastKnownFileType = sourcecode.c.h; path = ARCamera.h; sourceTree = "<group>"; };
		7AE9AB6C1BE16F8400F30DC5 /* ARCamera.mm */ = {isa = PBXFileReference; fileEncoding = 4; lastKnownFileType = sourcecode.cpp.objcpp; path = ARCamera.mm; sourceTree = "<group>"; };
		7AE9AB6E1BE178F400F30DC5 /* ARMainView.h */ = {isa = PBXFileReference; fileEncoding = 4; lastKnownFileType = sourcecode.c.h; path = ARMainView.h; sourceTree = "<group>"; };
		7AE9AB711BE17AEE00F30DC5 /* ARMainView.mm */ = {isa = PBXFileReference; fileEncoding = 4; lastKnownFileType = sourcecode.cpp.objcpp; path = ARMainView.mm; sourceTree = "<group>"; };
		7AE9AB731BE2960D00F30DC5 /* ARObject.h */ = {isa = PBXFileReference; fileEncoding = 4; lastKnownFileType = sourcecode.c.h; path = ARObject.h; sourceTree = "<group>"; };
		7AE9AB761BE2962500F30DC5 /* ARObject.mm */ = {isa = PBXFileReference; fileEncoding = 4; lastKnownFileType = sourcecode.cpp.objcpp; path = ARObject.mm; sourceTree = "<group>"; };
		7AE9AB781BE297F500F30DC5 /* ARParams.h */ = {isa = PBXFileReference; lastKnownFileType = sourcecode.c.h; path = ARParams.h; sourceTree = "<group>"; };
		7AFCF8381BCE40CB00A108F9 /* MobileAR.app */ = {isa = PBXFileReference; explicitFileType = wrapper.application; includeInIndex = 0; path = MobileAR.app; sourceTree = BUILT_PRODUCTS_DIR; };
		7AFCF83C1BCE40CB00A108F9 /* main.m */ = {isa = PBXFileReference; lastKnownFileType = sourcecode.c.objc; path = main.m; sourceTree = "<group>"; };
		7AFCF8411BCE40CB00A108F9 /* ARMainViewController.h */ = {isa = PBXFileReference; lastKnownFileType = sourcecode.c.h; path = ARMainViewController.h; sourceTree = "<group>"; };
		7AFCF8471BCE40CB00A108F9 /* Assets.xcassets */ = {isa = PBXFileReference; lastKnownFileType = folder.assetcatalog; path = Assets.xcassets; sourceTree = "<group>"; };
		7AFCF84C1BCE40CB00A108F9 /* Info.plist */ = {isa = PBXFileReference; lastKnownFileType = text.plist.xml; path = Info.plist; sourceTree = "<group>"; };
/* End PBXFileReference section */

/* Begin PBXFrameworksBuildPhase section */
		7AFCF8351BCE40CB00A108F9 /* Frameworks */ = {
			isa = PBXFrameworksBuildPhase;
			buildActionMask = 2147483647;
			files = (
				7A5B46B01BCFBB83003F87BE /* opencv2.framework in Frameworks */,
				7A5B46AA1BCF2247003F87BE /* CoreMedia.framework in Frameworks */,
				7A5B46A81BCF1A58003F87BE /* AVFoundation.framework in Frameworks */,
			);
			runOnlyForDeploymentPostprocessing = 0;
		};
/* End PBXFrameworksBuildPhase section */

/* Begin PBXGroup section */
		7AFCF82F1BCE40CB00A108F9 = {
			isa = PBXGroup;
			children = (
				7A5B46B21BCFBBE1003F87BE /* Default-568h@2x.png */,
				7A5B46AF1BCFBB83003F87BE /* opencv2.framework */,
				7A5B46AD1BCFAB1D003F87BE /* MetalKit.framework */,
				7A5B46A91BCF2247003F87BE /* CoreMedia.framework */,
				7A5B46A71BCF1A58003F87BE /* AVFoundation.framework */,
				7AFCF83A1BCE40CB00A108F9 /* MobileAR */,
				7AFCF8391BCE40CB00A108F9 /* Products */,
			);
			sourceTree = "<group>";
		};
		7AFCF8391BCE40CB00A108F9 /* Products */ = {
			isa = PBXGroup;
			children = (
				7AFCF8381BCE40CB00A108F9 /* MobileAR.app */,
			);
			name = Products;
			sourceTree = "<group>";
		};
		7AFCF83A1BCE40CB00A108F9 /* MobileAR */ = {
			isa = PBXGroup;
			children = (
				7AE9AB731BE2960D00F30DC5 /* ARObject.h */,
				7AE9AB761BE2962500F30DC5 /* ARObject.mm */,
				7AE9AB6E1BE178F400F30DC5 /* ARMainView.h */,
				7AE9AB711BE17AEE00F30DC5 /* ARMainView.mm */,
				7AE9AB691BE16F1300F30DC5 /* ARCamera.h */,
				7AE9AB6C1BE16F8400F30DC5 /* ARCamera.mm */,
				7AE9AB641BE167CE00F30DC5 /* ARRenderer.h */,
				7AE9AB671BE167FA00F30DC5 /* ARRenderer.mm */,
				7AE9AB781BE297F500F30DC5 /* ARParams.h */,
				7A5B46AB1BCFA8F2003F87BE /* ARShader.metal */,
				7A5B46A21BCF169F003F87BE /* ARAppDelegate.h */,
				7A5B46A31BCF169F003F87BE /* ARAppDelegate.mm */,
				7A5B469F1BCF163B003F87BE /* ARMainViewController.mm */,
				7AFCF8411BCE40CB00A108F9 /* ARMainViewController.h */,
				7A5B46B11BCFBBA1003F87BE /* UIImage+cvMat.h */,
				7A5B46B41BCFBC03003F87BE /* UIImage+cvMat.mm */,
				7AFCF83C1BCE40CB00A108F9 /* main.m */,
				7AFCF84C1BCE40CB00A108F9 /* Info.plist */,
				7AFCF8471BCE40CB00A108F9 /* Assets.xcassets */,
			);
			path = MobileAR;
			sourceTree = "<group>";
		};
/* End PBXGroup section */

/* Begin PBXNativeTarget section */
		7AFCF8371BCE40CB00A108F9 /* MobileAR */ = {
			isa = PBXNativeTarget;
			buildConfigurationList = 7AFCF84F1BCE40CB00A108F9 /* Build configuration list for PBXNativeTarget "MobileAR" */;
			buildPhases = (
				7AFCF8341BCE40CB00A108F9 /* Sources */,
				7AFCF8351BCE40CB00A108F9 /* Frameworks */,
				7AFCF8361BCE40CB00A108F9 /* Resources */,
			);
			buildRules = (
			);
			dependencies = (
			);
			name = MobileAR;
			productName = MobileAR;
			productReference = 7AFCF8381BCE40CB00A108F9 /* MobileAR.app */;
			productType = "com.apple.product-type.application";
		};
/* End PBXNativeTarget section */

/* Begin PBXProject section */
		7AFCF8301BCE40CB00A108F9 /* Project object */ = {
			isa = PBXProject;
			attributes = {
				LastUpgradeCheck = 0700;
				ORGANIZATIONNAME = "Imperial College London";
				TargetAttributes = {
					7AFCF8371BCE40CB00A108F9 = {
						CreatedOnToolsVersion = 7.0.1;
					};
				};
			};
			buildConfigurationList = 7AFCF8331BCE40CB00A108F9 /* Build configuration list for PBXProject "MobileAR" */;
			compatibilityVersion = "Xcode 3.2";
			developmentRegion = English;
			hasScannedForEncodings = 0;
			knownRegions = (
				en,
				Base,
			);
			mainGroup = 7AFCF82F1BCE40CB00A108F9;
			productRefGroup = 7AFCF8391BCE40CB00A108F9 /* Products */;
			projectDirPath = "";
			projectRoot = "";
			targets = (
				7AFCF8371BCE40CB00A108F9 /* MobileAR */,
			);
		};
/* End PBXProject section */

/* Begin PBXResourcesBuildPhase section */
		7AFCF8361BCE40CB00A108F9 /* Resources */ = {
			isa = PBXResourcesBuildPhase;
			buildActionMask = 2147483647;
			files = (
				7AFCF8481BCE40CB00A108F9 /* Assets.xcassets in Resources */,
				7A5B46B31BCFBBE1003F87BE /* Default-568h@2x.png in Resources */,
			);
			runOnlyForDeploymentPostprocessing = 0;
		};
/* End PBXResourcesBuildPhase section */

/* Begin PBXSourcesBuildPhase section */
		7AFCF8341BCE40CB00A108F9 /* Sources */ = {
			isa = PBXSourcesBuildPhase;
			buildActionMask = 2147483647;
			files = (
				7AE9AB6D1BE16F8400F30DC5 /* ARCamera.mm in Sources */,
				7A5B46A11BCF163B003F87BE /* ARMainViewController.mm in Sources */,
				7AE9AB681BE167FA00F30DC5 /* ARRenderer.mm in Sources */,
				7A5B46B51BCFBC03003F87BE /* UIImage+cvMat.mm in Sources */,
				7AE9AB771BE2962500F30DC5 /* ARObject.mm in Sources */,
				7A5B46AC1BCFA8F2003F87BE /* ARShader.metal in Sources */,
				7AE9AB721BE17AEE00F30DC5 /* ARMainView.mm in Sources */,
				7A5B46A41BCF169F003F87BE /* ARAppDelegate.mm in Sources */,
				7AFCF83D1BCE40CB00A108F9 /* main.m in Sources */,
			);
			runOnlyForDeploymentPostprocessing = 0;
		};
/* End PBXSourcesBuildPhase section */

/* Begin XCBuildConfiguration section */
		7AFCF84D1BCE40CB00A108F9 /* Debug */ = {
			isa = XCBuildConfiguration;
			buildSettings = {
				ALWAYS_SEARCH_USER_PATHS = NO;
				CLANG_CXX_LANGUAGE_STANDARD = "gnu++0x";
				CLANG_CXX_LIBRARY = "libc++";
				CLANG_ENABLE_MODULES = YES;
				CLANG_ENABLE_OBJC_ARC = YES;
				CLANG_WARN_BOOL_CONVERSION = YES;
				CLANG_WARN_CONSTANT_CONVERSION = YES;
				CLANG_WARN_DIRECT_OBJC_ISA_USAGE = YES_ERROR;
				CLANG_WARN_EMPTY_BODY = YES;
				CLANG_WARN_ENUM_CONVERSION = YES;
				CLANG_WARN_INT_CONVERSION = YES;
				CLANG_WARN_OBJC_ROOT_CLASS = YES_ERROR;
				CLANG_WARN_UNREACHABLE_CODE = YES;
				CLANG_WARN__DUPLICATE_METHOD_MATCH = YES;
				"CODE_SIGN_IDENTITY[sdk=iphoneos*]" = "iPhone Developer";
				COPY_PHASE_STRIP = NO;
				DEBUG_INFORMATION_FORMAT = dwarf;
				ENABLE_STRICT_OBJC_MSGSEND = YES;
				ENABLE_TESTABILITY = YES;
				GCC_C_LANGUAGE_STANDARD = gnu99;
				GCC_DYNAMIC_NO_PIC = NO;
				GCC_NO_COMMON_BLOCKS = YES;
				GCC_OPTIMIZATION_LEVEL = 0;
				GCC_PREPROCESSOR_DEFINITIONS = (
					"DEBUG=1",
					"$(inherited)",
				);
				GCC_WARN_64_TO_32_BIT_CONVERSION = YES;
				GCC_WARN_ABOUT_RETURN_TYPE = YES_ERROR;
				GCC_WARN_UNDECLARED_SELECTOR = YES;
				GCC_WARN_UNINITIALIZED_AUTOS = YES_AGGRESSIVE;
				GCC_WARN_UNUSED_FUNCTION = YES;
				GCC_WARN_UNUSED_VARIABLE = YES;
				IPHONEOS_DEPLOYMENT_TARGET = 9.0;
				MTL_ENABLE_DEBUG_INFO = YES;
				ONLY_ACTIVE_ARCH = YES;
				SDKROOT = iphoneos;
				TARGETED_DEVICE_FAMILY = "1,2";
			};
			name = Debug;
		};
		7AFCF84E1BCE40CB00A108F9 /* Release */ = {
			isa = XCBuildConfiguration;
			buildSettings = {
				ALWAYS_SEARCH_USER_PATHS = NO;
				CLANG_CXX_LANGUAGE_STANDARD = "gnu++0x";
				CLANG_CXX_LIBRARY = "libc++";
				CLANG_ENABLE_MODULES = YES;
				CLANG_ENABLE_OBJC_ARC = YES;
				CLANG_WARN_BOOL_CONVERSION = YES;
				CLANG_WARN_CONSTANT_CONVERSION = YES;
				CLANG_WARN_DIRECT_OBJC_ISA_USAGE = YES_ERROR;
				CLANG_WARN_EMPTY_BODY = YES;
				CLANG_WARN_ENUM_CONVERSION = YES;
				CLANG_WARN_INT_CONVERSION = YES;
				CLANG_WARN_OBJC_ROOT_CLASS = YES_ERROR;
				CLANG_WARN_UNREACHABLE_CODE = YES;
				CLANG_WARN__DUPLICATE_METHOD_MATCH = YES;
				"CODE_SIGN_IDENTITY[sdk=iphoneos*]" = "iPhone Developer";
				COPY_PHASE_STRIP = NO;
				DEBUG_INFORMATION_FORMAT = "dwarf-with-dsym";
				ENABLE_NS_ASSERTIONS = NO;
				ENABLE_STRICT_OBJC_MSGSEND = YES;
				GCC_C_LANGUAGE_STANDARD = gnu99;
				GCC_NO_COMMON_BLOCKS = YES;
				GCC_WARN_64_TO_32_BIT_CONVERSION = YES;
				GCC_WARN_ABOUT_RETURN_TYPE = YES_ERROR;
				GCC_WARN_UNDECLARED_SELECTOR = YES;
				GCC_WARN_UNINITIALIZED_AUTOS = YES_AGGRESSIVE;
				GCC_WARN_UNUSED_FUNCTION = YES;
				GCC_WARN_UNUSED_VARIABLE = YES;
				IPHONEOS_DEPLOYMENT_TARGET = 9.0;
				MTL_ENABLE_DEBUG_INFO = NO;
				SDKROOT = iphoneos;
				TARGETED_DEVICE_FAMILY = "1,2";
				VALIDATE_PRODUCT = YES;
			};
			name = Release;
		};
		7AFCF8501BCE40CB00A108F9 /* Debug */ = {
			isa = XCBuildConfiguration;
			buildSettings = {
				ASSETCATALOG_COMPILER_APPICON_NAME = AppIcon;
				ENABLE_BITCODE = NO;
				FRAMEWORK_SEARCH_PATHS = (
					"$(inherited)",
					/usr/local/Frameworks,
				);
				INFOPLIST_FILE = MobileAR/Info.plist;
				LD_RUNPATH_SEARCH_PATHS = "$(inherited) @executable_path/Frameworks";
				PRODUCT_BUNDLE_IDENTIFIER = "uk.ac.ic---build-git--classes--arc-diff.MobileAR";
				PRODUCT_NAME = "$(TARGET_NAME)";
			};
			name = Debug;
		};
		7AFCF8511BCE40CB00A108F9 /* Release */ = {
			isa = XCBuildConfiguration;
			buildSettings = {
				ASSETCATALOG_COMPILER_APPICON_NAME = AppIcon;
				ENABLE_BITCODE = NO;
				FRAMEWORK_SEARCH_PATHS = (
					"$(inherited)",
					/usr/local/Frameworks,
				);
				INFOPLIST_FILE = MobileAR/Info.plist;
				LD_RUNPATH_SEARCH_PATHS = "$(inherited) @executable_path/Frameworks";
				PRODUCT_BUNDLE_IDENTIFIER = "uk.ac.ic---build-git--classes--arc-diff.MobileAR";
				PRODUCT_NAME = "$(TARGET_NAME)";
			};
			name = Release;
		};
/* End XCBuildConfiguration section */

/* Begin XCConfigurationList section */
		7AFCF8331BCE40CB00A108F9 /* Build configuration list for PBXProject "MobileAR" */ = {
			isa = XCConfigurationList;
			buildConfigurations = (
				7AFCF84D1BCE40CB00A108F9 /* Debug */,
				7AFCF84E1BCE40CB00A108F9 /* Release */,
			);
			defaultConfigurationIsVisible = 0;
			defaultConfigurationName = Release;
		};
		7AFCF84F1BCE40CB00A108F9 /* Build configuration list for PBXNativeTarget "MobileAR" */ = {
			isa = XCConfigurationList;
			buildConfigurations = (
				7AFCF8501BCE40CB00A108F9 /* Debug */,
				7AFCF8511BCE40CB00A108F9 /* Release */,
			);
			defaultConfigurationIsVisible = 0;
			defaultConfigurationName = Release;
		};
/* End XCConfigurationList section */
	};
	rootObject = 7AFCF8301BCE40CB00A108F9 /* Project object */;
}
